<?xml version="1.0" encoding="utf-8"?>
<Project ToolsVersion="4.0" xmlns="http://schemas.microsoft.com/developer/msbuild/2003">
  <ItemGroup>
    <ClCompile Include="dllmain.cpp" />
    <ClCompile Include="MyCaffe.test.extension.cpp" />
    <ClCompile Include="stdafx.cpp" />
    <ClCompile Include="..\CudaDnnDLL\Cuda Files\ssd.cpp">
      <Filter>Cuda Files</Filter>
    </ClCompile>
    <ClCompile Include="..\CudaDnnDLL\Cuda Files\ssd_core.cpp">
      <Filter>Cuda Files</Filter>
    </ClCompile>
  </ItemGroup>
  <ItemGroup>
    <ClInclude Include="resource.h" />
    <ClInclude Include="stdafx.h" />
    <ClInclude Include="targetver.h" />
    <ClInclude Include="..\CudaDnnDLL\Cuda Files\math.h">
      <Filter>Cuda Files</Filter>
    </ClInclude>
    <ClInclude Include="..\CudaDnnDLL\Cuda Files\memory.h">
      <Filter>Cuda Files</Filter>
    </ClInclude>
    <ClInclude Include="..\CudaDnnDLL\Cuda Files\memorycol.h">
      <Filter>Cuda Files</Filter>
    </ClInclude>
    <ClInclude Include="..\CudaDnnDLL\Cuda Files\memtest.h">
      <Filter>Cuda Files</Filter>
    </ClInclude>
    <ClInclude Include="..\CudaDnnDLL\Cuda Files\nccl.h">
      <Filter>Cuda Files</Filter>
    </ClInclude>
    <ClInclude Include="..\CudaDnnDLL\Cuda Files\pca.h">
      <Filter>Cuda Files</Filter>
    </ClInclude>
    <ClInclude Include="..\CudaDnnDLL\Cuda Files\ssd.h">
      <Filter>Cuda Files</Filter>
    </ClInclude>
    <ClInclude Include="..\CudaDnnDLL\Cuda Files\ssd_core.h">
      <Filter>Cuda Files</Filter>
    </ClInclude>
    <ClInclude Include="..\CudaDnnDLL\Cuda Files\tsne_g.h">
      <Filter>Cuda Files</Filter>
    </ClInclude>
    <ClInclude Include="..\CudaDnnDLL\Cuda Files\tsne_gp.h">
      <Filter>Cuda Files</Filter>
    </ClInclude>
    <ClInclude Include="..\CudaDnnDLL\Cuda Files\util.h">
      <Filter>Cuda Files</Filter>
    </ClInclude>
    <ClInclude Include="TestFiles\test_ssd.h">
      <Filter>TestFiles</Filter>
    </ClInclude>
  </ItemGroup>
  <ItemGroup>
    <ResourceCompile Include="MyCaffe.test.extension.10.0.rc" />
  </ItemGroup>
  <ItemGroup>
    <None Include="MyCaffe.test.extension.10.0.def" />
  </ItemGroup>
  <ItemGroup>
    <Filter Include="Cuda Files">
      <UniqueIdentifier>{00668bbe-0cce-4afe-bb6b-591a0ff7aa9d}</UniqueIdentifier>
    </Filter>
    <Filter Include="TestFiles">
      <UniqueIdentifier>{f3f50510-98e2-4230-90d3-997d3aca7b7c}</UniqueIdentifier>
    </Filter>
  </ItemGroup>
  <ItemGroup>
    <CudaCompile Include="..\CudaDnnDLL\Cuda Files\math.cu">
      <Filter>Cuda Files</Filter>
    </CudaCompile>
    <CudaCompile Include="..\CudaDnnDLL\Cuda Files\memory.cu">
      <Filter>Cuda Files</Filter>
    </CudaCompile>
    <CudaCompile Include="..\CudaDnnDLL\Cuda Files\memorycol.cu">
      <Filter>Cuda Files</Filter>
    </CudaCompile>
    <CudaCompile Include="..\CudaDnnDLL\Cuda Files\memtest.cu">
      <Filter>Cuda Files</Filter>
    </CudaCompile>
    <CudaCompile Include="..\CudaDnnDLL\Cuda Files\nccl.cu">
      <Filter>Cuda Files</Filter>
    </CudaCompile>
    <CudaCompile Include="..\CudaDnnDLL\Cuda Files\pca.cu">
      <Filter>Cuda Files</Filter>
    </CudaCompile>
    <CudaCompile Include="..\CudaDnnDLL\Cuda Files\ssd_core.cu">
      <Filter>Cuda Files</Filter>
    </CudaCompile>
    <CudaCompile Include="..\CudaDnnDLL\Cuda Files\tsne_g.cu">
      <Filter>Cuda Files</Filter>
    </CudaCompile>
    <CudaCompile Include="..\CudaDnnDLL\Cuda Files\tsne_gp.cu">
      <Filter>Cuda Files</Filter>
    </CudaCompile>
    <CudaCompile Include="..\CudaDnnDLL\Cuda Files\util.cu">
      <Filter>Cuda Files</Filter>
    </CudaCompile>
    <CudaCompile Include="TestFiles\test_ssd.cu">
      <Filter>TestFiles</Filter>
    </CudaCompile>
  </ItemGroup>
</Project>