
Microsoft Visual Studio Solution File, Format Version 12.00
# Visual Studio 15
VisualStudioVersion = 15.0.26730.3
MinimumVisualStudioVersion = 10.0.40219.1
Project("{FAE04EC0-301F-11D3-BF4B-00C04F79EFBC}") = "MyCaffe.basecode", "MyCaffe.basecode\MyCaffe.basecode.csproj", "{D168418C-CDCC-4F5B-BF55-292A38CC2429}"
EndProject
Project("{FAE04EC0-301F-11D3-BF4B-00C04F79EFBC}") = "MyCaffe", "MyCaffe\MyCaffe.csproj", "{28E430DD-BD6C-4A4C-9454-1EEB4AD63A5C}"
EndProject
Project("{FAE04EC0-301F-11D3-BF4B-00C04F79EFBC}") = "MyCaffe.app", "MyCaffe.app\MyCaffe.app.csproj", "{6A464F09-774E-4E57-8738-1BB6DD9F8770}"
EndProject
Project("{FAE04EC0-301F-11D3-BF4B-00C04F79EFBC}") = "MyCaffe.test.automated", "MyCaffe.test.automated\MyCaffe.test.automated.csproj", "{D0DA9B0F-9A50-496E-B6E9-CAC5786BBED8}"
EndProject
Project("{FAE04EC0-301F-11D3-BF4B-00C04F79EFBC}") = "MyCaffe.test", "MyCaffe.test\MyCaffe.test.csproj", "{FDBAF1BB-FC96-4D73-BA1A-A2B0CEA75DA1}"
EndProject
Project("{FAE04EC0-301F-11D3-BF4B-00C04F79EFBC}") = "MyCaffe.extras", "MyCaffe.extras\MyCaffe.extras.csproj", "{9376B860-9896-40E5-8746-8ABF1F0A8B3D}"
EndProject
Project("{FAE04EC0-301F-11D3-BF4B-00C04F79EFBC}") = "MyCaffe.gym", "MyCaffe.gym\MyCaffe.gym.csproj", "{C14BEDC8-FF66-4118-BE66-675F26BE7EE0}"
EndProject
Project("{FAE04EC0-301F-11D3-BF4B-00C04F79EFBC}") = "MyCaffe.trainers", "MyCaffe.trainers\MyCaffe.trainers.csproj", "{53A34E74-35E4-4E30-888B-CD0705A41BFE}"
EndProject
Project("{FAE04EC0-301F-11D3-BF4B-00C04F79EFBC}") = "MyCaffe.db.image", "MyCaffe.db.image\MyCaffe.db.image.csproj", "{642BA581-59CB-445E-8D7D-81E67B748D77}"
EndProject
Project("{FAE04EC0-301F-11D3-BF4B-00C04F79EFBC}") = "MyCaffe.db.stream", "MyCaffe.db.stream\MyCaffe.db.stream.csproj", "{3CA0B2F3-0EFE-4324-B1D2-FE4A15AC72E8}"
EndProject
Project("{FAE04EC0-301F-11D3-BF4B-00C04F79EFBC}") = "MyCaffe.preprocessor", "MyCaffe.preprocessor\MyCaffe.preprocessor.csproj", "{94643CDE-A28A-473B-8A50-86471A47D33D}"
EndProject
Project("{8BC9CEB8-8B4A-11D0-8D11-00A0C91BC942}") = "MyCaffe.test.extension.10.1", "MyCaffe.test.extension\MyCaffe.test.extension.10.1.vcxproj", "{50EAA41A-57D4-403D-ACEC-F58F013FA523}"
EndProject
Project("{8BC9CEB8-8B4A-11D0-8D11-00A0C91BC942}") = "CudaDnnDll.10.1", "CudaDnnDLL\CudaDnnDll.10.1.vcxproj", "{187290E7-88A9-43CA-A7B0-29D014FC6BC7}"
EndProject
Project("{8BC9CEB8-8B4A-11D0-8D11-00A0C91BC942}") = "CudaPreProcDll.10.1", "CudaPreProcDLL\CudaPreProcDll.10.1.vcxproj", "{556CD2CC-7D48-4B69-AE62-276198EC5B11}"
EndProject
Project("{8BC9CEB8-8B4A-11D0-8D11-00A0C91BC942}") = "CudaDnnDll.10.1.3_5", "CudaDnnDLL\CudaDnnDll.10.1.3_5.vcxproj", "{4066CEC7-FAFA-481E-9951-93C060EA0A71}"
EndProject
Project("{8BC9CEB8-8B4A-11D0-8D11-00A0C91BC942}") = "CudaPreProcDll.10.1.3_5", "CudaPreProcDLL\CudaPreProcDll.10.1.3_5.vcxproj", "{A0A4D205-DCED-4262-8276-AD0A2B3737A4}"
EndProject
Project("{FAE04EC0-301F-11D3-BF4B-00C04F79EFBC}") = "MyCaffe.layers.alpha", "MyCaffe.layers.alpha\MyCaffe.layers.alpha.csproj", "{4E057228-71D3-4575-AE50-71E6FC970501}"
EndProject
Project("{FAE04EC0-301F-11D3-BF4B-00C04F79EFBC}") = "MyCaffe.layers.beta", "MyCaffe.layers.beta\MyCaffe.layers.beta.csproj", "{DB6986DB-AB61-4BD5-828E-A8EDA0A6F56E}"
EndProject
Project("{FAE04EC0-301F-11D3-BF4B-00C04F79EFBC}") = "MyCaffe.layers.ssd", "MyCaffe.layers.ssd\MyCaffe.layers.ssd.csproj", "{679FABCA-E889-428C-A59E-261AF1AF1CF2}"
EndProject
Project("{FAE04EC0-301F-11D3-BF4B-00C04F79EFBC}") = "MyCaffe.layers.nt", "MyCaffe.layers.nt\MyCaffe.layers.nt.csproj", "{BAC34BE4-818E-4F59-821B-FECFD6C797AA}"
EndProject
Project("{FAE04EC0-301F-11D3-BF4B-00C04F79EFBC}") = "MyCaffe.model", "MyCaffe.model\MyCaffe.model.csproj", "{32581551-7AE2-4EBD-9030-A1DF0DCF97B5}"
EndProject
Project("{8BC9CEB8-8B4A-11D0-8D11-00A0C91BC942}") = "CudaDnnDll.10.2", "CudaDnnDLL\CudaDnnDll.10.2.vcxproj", "{D668F94D-AC16-4BD9-85EB-C0376E349040}"
EndProject
Project("{8BC9CEB8-8B4A-11D0-8D11-00A0C91BC942}") = "CudaDnnDll.10.2.3_5", "CudaDnnDLL\CudaDnnDll.10.2.3_5.vcxproj", "{AC6115C1-0CC6-4CA2-BE98-2235A30A9CF5}"
EndProject
Project("{8BC9CEB8-8B4A-11D0-8D11-00A0C91BC942}") = "CudaPreProcDll.10.2", "CudaPreProcDLL\CudaPreProcDll.10.2.vcxproj", "{4D1F9EBA-18CB-4E0C-9AFE-5E8155E3E2FB}"
EndProject
Project("{8BC9CEB8-8B4A-11D0-8D11-00A0C91BC942}") = "CudaPreProcDll.10.2.3_5", "CudaPreProcDLL\CudaPreProcDll.10.2.3_5.vcxproj", "{E5CD7DD9-B839-4999-9A35-251458C2A056}"
EndProject
Project("{8BC9CEB8-8B4A-11D0-8D11-00A0C91BC942}") = "MyCaffe.test.extension.10.2", "MyCaffe.test.extension\MyCaffe.test.extension.10.2.vcxproj", "{98CFB1E1-958D-4B94-AFEC-2A54C42B2EA2}"
EndProject
Project("{FAE04EC0-301F-11D3-BF4B-00C04F79EFBC}") = "MyCaffe.data", "MyCaffe.data\MyCaffe.data.csproj", "{A1D61032-4937-49A3-984D-BE1F272A02B4}"
EndProject
Project("{FAE04EC0-301F-11D3-BF4B-00C04F79EFBC}") = "MyCaffe.gym.python", "MyCaffe.gym.python\MyCaffe.gym.python.csproj", "{CDDE1746-1F52-4DD0-8E7D-9B785E71EABD}"
EndProject
Project("{FAE04EC0-301F-11D3-BF4B-00C04F79EFBC}") = "MyCaffe.converter.onnx", "MyCaffe.converter.onnx\MyCaffe.converter.onnx.csproj", "{43B01B30-0F7A-4764-A20B-791B936E6276}"
	ProjectSection(ProjectDependencies) = postProject
		{D168418C-CDCC-4F5B-BF55-292A38CC2429} = {D168418C-CDCC-4F5B-BF55-292A38CC2429}
	EndProjectSection
EndProject
Project("{8BC9CEB8-8B4A-11D0-8D11-00A0C91BC942}") = "CudaDnnDll.11.0", "CudaDnnDLL\CudaDnnDll.11.0.vcxproj", "{B5DEC207-98E9-47E2-8CB7-C088DA80E377}"
EndProject
Project("{8BC9CEB8-8B4A-11D0-8D11-00A0C91BC942}") = "CudaPreProcDll.11.0", "CudaPreProcDLL\CudaPreProcDll.11.0.vcxproj", "{378AEDC3-98F6-45FC-889C-9229C7C45C43}"
EndProject
Project("{8BC9CEB8-8B4A-11D0-8D11-00A0C91BC942}") = "MyCaffe.test.extension.11.0", "MyCaffe.test.extension\MyCaffe.test.extension.11.0.vcxproj", "{90D3D033-D990-4F55-892A-E532257C4903}"
EndProject
Global
	GlobalSection(SolutionConfigurationPlatforms) = preSolution
		Debug Fast Build|Any CPU = Debug Fast Build|Any CPU
		Debug Fast Build|x64 = Debug Fast Build|x64
		Debug Fast Build|x86 = Debug Fast Build|x86
		Debug|Any CPU = Debug|Any CPU
		Debug|x64 = Debug|x64
		Debug|x86 = Debug|x86
		DebugEmulate|Any CPU = DebugEmulate|Any CPU
		DebugEmulate|x64 = DebugEmulate|x64
		DebugEmulate|x86 = DebugEmulate|x86
		Release|Any CPU = Release|Any CPU
		Release|x64 = Release|x64
		Release|x86 = Release|x86
		ReleaseEmulate|Any CPU = ReleaseEmulate|Any CPU
		ReleaseEmulate|x64 = ReleaseEmulate|x64
		ReleaseEmulate|x86 = ReleaseEmulate|x86
	EndGlobalSection
	GlobalSection(ProjectConfigurationPlatforms) = postSolution
		{D168418C-CDCC-4F5B-BF55-292A38CC2429}.Debug Fast Build|Any CPU.ActiveCfg = Debug|Any CPU
		{D168418C-CDCC-4F5B-BF55-292A38CC2429}.Debug Fast Build|Any CPU.Build.0 = Debug|Any CPU
		{D168418C-CDCC-4F5B-BF55-292A38CC2429}.Debug Fast Build|x64.ActiveCfg = Debug|Any CPU
		{D168418C-CDCC-4F5B-BF55-292A38CC2429}.Debug Fast Build|x64.Build.0 = Debug|Any CPU
		{D168418C-CDCC-4F5B-BF55-292A38CC2429}.Debug Fast Build|x86.ActiveCfg = Debug|Any CPU
		{D168418C-CDCC-4F5B-BF55-292A38CC2429}.Debug Fast Build|x86.Build.0 = Debug|Any CPU
		{D168418C-CDCC-4F5B-BF55-292A38CC2429}.Debug|Any CPU.ActiveCfg = Debug|Any CPU
		{D168418C-CDCC-4F5B-BF55-292A38CC2429}.Debug|Any CPU.Build.0 = Debug|Any CPU
		{D168418C-CDCC-4F5B-BF55-292A38CC2429}.Debug|x64.ActiveCfg = Debug|Any CPU
		{D168418C-CDCC-4F5B-BF55-292A38CC2429}.Debug|x64.Build.0 = Debug|Any CPU
		{D168418C-CDCC-4F5B-BF55-292A38CC2429}.Debug|x86.ActiveCfg = Debug|Any CPU
		{D168418C-CDCC-4F5B-BF55-292A38CC2429}.Debug|x86.Build.0 = Debug|Any CPU
		{D168418C-CDCC-4F5B-BF55-292A38CC2429}.DebugEmulate|Any CPU.ActiveCfg = Debug|Any CPU
		{D168418C-CDCC-4F5B-BF55-292A38CC2429}.DebugEmulate|Any CPU.Build.0 = Debug|Any CPU
		{D168418C-CDCC-4F5B-BF55-292A38CC2429}.DebugEmulate|x64.ActiveCfg = Debug|Any CPU
		{D168418C-CDCC-4F5B-BF55-292A38CC2429}.DebugEmulate|x64.Build.0 = Debug|Any CPU
		{D168418C-CDCC-4F5B-BF55-292A38CC2429}.DebugEmulate|x86.ActiveCfg = Debug|Any CPU
		{D168418C-CDCC-4F5B-BF55-292A38CC2429}.DebugEmulate|x86.Build.0 = Debug|Any CPU
		{D168418C-CDCC-4F5B-BF55-292A38CC2429}.Release|Any CPU.ActiveCfg = Release|Any CPU
		{D168418C-CDCC-4F5B-BF55-292A38CC2429}.Release|Any CPU.Build.0 = Release|Any CPU
		{D168418C-CDCC-4F5B-BF55-292A38CC2429}.Release|x64.ActiveCfg = Release|Any CPU
		{D168418C-CDCC-4F5B-BF55-292A38CC2429}.Release|x64.Build.0 = Release|Any CPU
		{D168418C-CDCC-4F5B-BF55-292A38CC2429}.Release|x86.ActiveCfg = Release|Any CPU
		{D168418C-CDCC-4F5B-BF55-292A38CC2429}.Release|x86.Build.0 = Release|Any CPU
		{D168418C-CDCC-4F5B-BF55-292A38CC2429}.ReleaseEmulate|Any CPU.ActiveCfg = Release|Any CPU
		{D168418C-CDCC-4F5B-BF55-292A38CC2429}.ReleaseEmulate|Any CPU.Build.0 = Release|Any CPU
		{D168418C-CDCC-4F5B-BF55-292A38CC2429}.ReleaseEmulate|x64.ActiveCfg = Release|Any CPU
		{D168418C-CDCC-4F5B-BF55-292A38CC2429}.ReleaseEmulate|x64.Build.0 = Release|Any CPU
		{D168418C-CDCC-4F5B-BF55-292A38CC2429}.ReleaseEmulate|x86.ActiveCfg = Release|Any CPU
		{D168418C-CDCC-4F5B-BF55-292A38CC2429}.ReleaseEmulate|x86.Build.0 = Release|Any CPU
		{28E430DD-BD6C-4A4C-9454-1EEB4AD63A5C}.Debug Fast Build|Any CPU.ActiveCfg = Debug Fast Build|Any CPU
		{28E430DD-BD6C-4A4C-9454-1EEB4AD63A5C}.Debug Fast Build|Any CPU.Build.0 = Debug Fast Build|Any CPU
		{28E430DD-BD6C-4A4C-9454-1EEB4AD63A5C}.Debug Fast Build|x64.ActiveCfg = Debug Fast Build|Any CPU
		{28E430DD-BD6C-4A4C-9454-1EEB4AD63A5C}.Debug Fast Build|x64.Build.0 = Debug Fast Build|Any CPU
		{28E430DD-BD6C-4A4C-9454-1EEB4AD63A5C}.Debug Fast Build|x86.ActiveCfg = Debug Fast Build|Any CPU
		{28E430DD-BD6C-4A4C-9454-1EEB4AD63A5C}.Debug Fast Build|x86.Build.0 = Debug Fast Build|Any CPU
		{28E430DD-BD6C-4A4C-9454-1EEB4AD63A5C}.Debug|Any CPU.ActiveCfg = Debug|Any CPU
		{28E430DD-BD6C-4A4C-9454-1EEB4AD63A5C}.Debug|Any CPU.Build.0 = Debug|Any CPU
		{28E430DD-BD6C-4A4C-9454-1EEB4AD63A5C}.Debug|x64.ActiveCfg = Debug|Any CPU
		{28E430DD-BD6C-4A4C-9454-1EEB4AD63A5C}.Debug|x64.Build.0 = Debug|Any CPU
		{28E430DD-BD6C-4A4C-9454-1EEB4AD63A5C}.Debug|x86.ActiveCfg = Debug|Any CPU
		{28E430DD-BD6C-4A4C-9454-1EEB4AD63A5C}.Debug|x86.Build.0 = Debug|Any CPU
		{28E430DD-BD6C-4A4C-9454-1EEB4AD63A5C}.DebugEmulate|Any CPU.ActiveCfg = Debug|Any CPU
		{28E430DD-BD6C-4A4C-9454-1EEB4AD63A5C}.DebugEmulate|Any CPU.Build.0 = Debug|Any CPU
		{28E430DD-BD6C-4A4C-9454-1EEB4AD63A5C}.DebugEmulate|x64.ActiveCfg = Debug|Any CPU
		{28E430DD-BD6C-4A4C-9454-1EEB4AD63A5C}.DebugEmulate|x64.Build.0 = Debug|Any CPU
		{28E430DD-BD6C-4A4C-9454-1EEB4AD63A5C}.DebugEmulate|x86.ActiveCfg = Debug|Any CPU
		{28E430DD-BD6C-4A4C-9454-1EEB4AD63A5C}.DebugEmulate|x86.Build.0 = Debug|Any CPU
		{28E430DD-BD6C-4A4C-9454-1EEB4AD63A5C}.Release|Any CPU.ActiveCfg = Release|Any CPU
		{28E430DD-BD6C-4A4C-9454-1EEB4AD63A5C}.Release|Any CPU.Build.0 = Release|Any CPU
		{28E430DD-BD6C-4A4C-9454-1EEB4AD63A5C}.Release|x64.ActiveCfg = Release|Any CPU
		{28E430DD-BD6C-4A4C-9454-1EEB4AD63A5C}.Release|x64.Build.0 = Release|Any CPU
		{28E430DD-BD6C-4A4C-9454-1EEB4AD63A5C}.Release|x86.ActiveCfg = Release|Any CPU
		{28E430DD-BD6C-4A4C-9454-1EEB4AD63A5C}.Release|x86.Build.0 = Release|Any CPU
		{28E430DD-BD6C-4A4C-9454-1EEB4AD63A5C}.ReleaseEmulate|Any CPU.ActiveCfg = Release|Any CPU
		{28E430DD-BD6C-4A4C-9454-1EEB4AD63A5C}.ReleaseEmulate|Any CPU.Build.0 = Release|Any CPU
		{28E430DD-BD6C-4A4C-9454-1EEB4AD63A5C}.ReleaseEmulate|x64.ActiveCfg = Release|Any CPU
		{28E430DD-BD6C-4A4C-9454-1EEB4AD63A5C}.ReleaseEmulate|x64.Build.0 = Release|Any CPU
		{28E430DD-BD6C-4A4C-9454-1EEB4AD63A5C}.ReleaseEmulate|x86.ActiveCfg = Release|Any CPU
		{28E430DD-BD6C-4A4C-9454-1EEB4AD63A5C}.ReleaseEmulate|x86.Build.0 = Release|Any CPU
		{6A464F09-774E-4E57-8738-1BB6DD9F8770}.Debug Fast Build|Any CPU.ActiveCfg = Debug|Any CPU
		{6A464F09-774E-4E57-8738-1BB6DD9F8770}.Debug Fast Build|Any CPU.Build.0 = Debug|Any CPU
		{6A464F09-774E-4E57-8738-1BB6DD9F8770}.Debug Fast Build|x64.ActiveCfg = Debug|Any CPU
		{6A464F09-774E-4E57-8738-1BB6DD9F8770}.Debug Fast Build|x64.Build.0 = Debug|Any CPU
		{6A464F09-774E-4E57-8738-1BB6DD9F8770}.Debug Fast Build|x86.ActiveCfg = Debug|Any CPU
		{6A464F09-774E-4E57-8738-1BB6DD9F8770}.Debug Fast Build|x86.Build.0 = Debug|Any CPU
		{6A464F09-774E-4E57-8738-1BB6DD9F8770}.Debug|Any CPU.ActiveCfg = Debug|Any CPU
		{6A464F09-774E-4E57-8738-1BB6DD9F8770}.Debug|Any CPU.Build.0 = Debug|Any CPU
		{6A464F09-774E-4E57-8738-1BB6DD9F8770}.Debug|x64.ActiveCfg = Debug|Any CPU
		{6A464F09-774E-4E57-8738-1BB6DD9F8770}.Debug|x64.Build.0 = Debug|Any CPU
		{6A464F09-774E-4E57-8738-1BB6DD9F8770}.Debug|x86.ActiveCfg = Debug|Any CPU
		{6A464F09-774E-4E57-8738-1BB6DD9F8770}.Debug|x86.Build.0 = Debug|Any CPU
		{6A464F09-774E-4E57-8738-1BB6DD9F8770}.DebugEmulate|Any CPU.ActiveCfg = Debug|Any CPU
		{6A464F09-774E-4E57-8738-1BB6DD9F8770}.DebugEmulate|Any CPU.Build.0 = Debug|Any CPU
		{6A464F09-774E-4E57-8738-1BB6DD9F8770}.DebugEmulate|x64.ActiveCfg = Debug|Any CPU
		{6A464F09-774E-4E57-8738-1BB6DD9F8770}.DebugEmulate|x64.Build.0 = Debug|Any CPU
		{6A464F09-774E-4E57-8738-1BB6DD9F8770}.DebugEmulate|x86.ActiveCfg = Debug|Any CPU
		{6A464F09-774E-4E57-8738-1BB6DD9F8770}.DebugEmulate|x86.Build.0 = Debug|Any CPU
		{6A464F09-774E-4E57-8738-1BB6DD9F8770}.Release|Any CPU.ActiveCfg = Release|Any CPU
		{6A464F09-774E-4E57-8738-1BB6DD9F8770}.Release|Any CPU.Build.0 = Release|Any CPU
		{6A464F09-774E-4E57-8738-1BB6DD9F8770}.Release|x64.ActiveCfg = Release|Any CPU
		{6A464F09-774E-4E57-8738-1BB6DD9F8770}.Release|x64.Build.0 = Release|Any CPU
		{6A464F09-774E-4E57-8738-1BB6DD9F8770}.Release|x86.ActiveCfg = Release|Any CPU
		{6A464F09-774E-4E57-8738-1BB6DD9F8770}.Release|x86.Build.0 = Release|Any CPU
		{6A464F09-774E-4E57-8738-1BB6DD9F8770}.ReleaseEmulate|Any CPU.ActiveCfg = Release|Any CPU
		{6A464F09-774E-4E57-8738-1BB6DD9F8770}.ReleaseEmulate|Any CPU.Build.0 = Release|Any CPU
		{6A464F09-774E-4E57-8738-1BB6DD9F8770}.ReleaseEmulate|x64.ActiveCfg = Release|Any CPU
		{6A464F09-774E-4E57-8738-1BB6DD9F8770}.ReleaseEmulate|x64.Build.0 = Release|Any CPU
		{6A464F09-774E-4E57-8738-1BB6DD9F8770}.ReleaseEmulate|x86.ActiveCfg = Release|Any CPU
		{6A464F09-774E-4E57-8738-1BB6DD9F8770}.ReleaseEmulate|x86.Build.0 = Release|Any CPU
		{D0DA9B0F-9A50-496E-B6E9-CAC5786BBED8}.Debug Fast Build|Any CPU.ActiveCfg = Debug|Any CPU
		{D0DA9B0F-9A50-496E-B6E9-CAC5786BBED8}.Debug Fast Build|Any CPU.Build.0 = Debug|Any CPU
		{D0DA9B0F-9A50-496E-B6E9-CAC5786BBED8}.Debug Fast Build|x64.ActiveCfg = Debug|Any CPU
		{D0DA9B0F-9A50-496E-B6E9-CAC5786BBED8}.Debug Fast Build|x64.Build.0 = Debug|Any CPU
		{D0DA9B0F-9A50-496E-B6E9-CAC5786BBED8}.Debug Fast Build|x86.ActiveCfg = Debug|Any CPU
		{D0DA9B0F-9A50-496E-B6E9-CAC5786BBED8}.Debug Fast Build|x86.Build.0 = Debug|Any CPU
		{D0DA9B0F-9A50-496E-B6E9-CAC5786BBED8}.Debug|Any CPU.ActiveCfg = Debug|Any CPU
		{D0DA9B0F-9A50-496E-B6E9-CAC5786BBED8}.Debug|Any CPU.Build.0 = Debug|Any CPU
		{D0DA9B0F-9A50-496E-B6E9-CAC5786BBED8}.Debug|x64.ActiveCfg = Debug|Any CPU
		{D0DA9B0F-9A50-496E-B6E9-CAC5786BBED8}.Debug|x64.Build.0 = Debug|Any CPU
		{D0DA9B0F-9A50-496E-B6E9-CAC5786BBED8}.Debug|x86.ActiveCfg = Debug|Any CPU
		{D0DA9B0F-9A50-496E-B6E9-CAC5786BBED8}.Debug|x86.Build.0 = Debug|Any CPU
		{D0DA9B0F-9A50-496E-B6E9-CAC5786BBED8}.DebugEmulate|Any CPU.ActiveCfg = Debug|Any CPU
		{D0DA9B0F-9A50-496E-B6E9-CAC5786BBED8}.DebugEmulate|Any CPU.Build.0 = Debug|Any CPU
		{D0DA9B0F-9A50-496E-B6E9-CAC5786BBED8}.DebugEmulate|x64.ActiveCfg = Debug|Any CPU
		{D0DA9B0F-9A50-496E-B6E9-CAC5786BBED8}.DebugEmulate|x64.Build.0 = Debug|Any CPU
		{D0DA9B0F-9A50-496E-B6E9-CAC5786BBED8}.DebugEmulate|x86.ActiveCfg = Debug|Any CPU
		{D0DA9B0F-9A50-496E-B6E9-CAC5786BBED8}.DebugEmulate|x86.Build.0 = Debug|Any CPU
		{D0DA9B0F-9A50-496E-B6E9-CAC5786BBED8}.Release|Any CPU.ActiveCfg = Release|Any CPU
		{D0DA9B0F-9A50-496E-B6E9-CAC5786BBED8}.Release|Any CPU.Build.0 = Release|Any CPU
		{D0DA9B0F-9A50-496E-B6E9-CAC5786BBED8}.Release|x64.ActiveCfg = Release|Any CPU
		{D0DA9B0F-9A50-496E-B6E9-CAC5786BBED8}.Release|x64.Build.0 = Release|Any CPU
		{D0DA9B0F-9A50-496E-B6E9-CAC5786BBED8}.Release|x86.ActiveCfg = Release|Any CPU
		{D0DA9B0F-9A50-496E-B6E9-CAC5786BBED8}.Release|x86.Build.0 = Release|Any CPU
		{D0DA9B0F-9A50-496E-B6E9-CAC5786BBED8}.ReleaseEmulate|Any CPU.ActiveCfg = Release|Any CPU
		{D0DA9B0F-9A50-496E-B6E9-CAC5786BBED8}.ReleaseEmulate|Any CPU.Build.0 = Release|Any CPU
		{D0DA9B0F-9A50-496E-B6E9-CAC5786BBED8}.ReleaseEmulate|x64.ActiveCfg = Release|Any CPU
		{D0DA9B0F-9A50-496E-B6E9-CAC5786BBED8}.ReleaseEmulate|x64.Build.0 = Release|Any CPU
		{D0DA9B0F-9A50-496E-B6E9-CAC5786BBED8}.ReleaseEmulate|x86.ActiveCfg = Release|Any CPU
		{D0DA9B0F-9A50-496E-B6E9-CAC5786BBED8}.ReleaseEmulate|x86.Build.0 = Release|Any CPU
		{FDBAF1BB-FC96-4D73-BA1A-A2B0CEA75DA1}.Debug Fast Build|Any CPU.ActiveCfg = Debug Fast Build|Any CPU
		{FDBAF1BB-FC96-4D73-BA1A-A2B0CEA75DA1}.Debug Fast Build|Any CPU.Build.0 = Debug Fast Build|Any CPU
		{FDBAF1BB-FC96-4D73-BA1A-A2B0CEA75DA1}.Debug Fast Build|x64.ActiveCfg = Debug Fast Build|Any CPU
		{FDBAF1BB-FC96-4D73-BA1A-A2B0CEA75DA1}.Debug Fast Build|x64.Build.0 = Debug Fast Build|Any CPU
		{FDBAF1BB-FC96-4D73-BA1A-A2B0CEA75DA1}.Debug Fast Build|x86.ActiveCfg = Debug Fast Build|Any CPU
		{FDBAF1BB-FC96-4D73-BA1A-A2B0CEA75DA1}.Debug Fast Build|x86.Build.0 = Debug Fast Build|Any CPU
		{FDBAF1BB-FC96-4D73-BA1A-A2B0CEA75DA1}.Debug|Any CPU.ActiveCfg = Debug|Any CPU
		{FDBAF1BB-FC96-4D73-BA1A-A2B0CEA75DA1}.Debug|Any CPU.Build.0 = Debug|Any CPU
		{FDBAF1BB-FC96-4D73-BA1A-A2B0CEA75DA1}.Debug|x64.ActiveCfg = Debug|Any CPU
		{FDBAF1BB-FC96-4D73-BA1A-A2B0CEA75DA1}.Debug|x64.Build.0 = Debug|Any CPU
		{FDBAF1BB-FC96-4D73-BA1A-A2B0CEA75DA1}.Debug|x86.ActiveCfg = Debug|Any CPU
		{FDBAF1BB-FC96-4D73-BA1A-A2B0CEA75DA1}.Debug|x86.Build.0 = Debug|Any CPU
		{FDBAF1BB-FC96-4D73-BA1A-A2B0CEA75DA1}.DebugEmulate|Any CPU.ActiveCfg = Debug|Any CPU
		{FDBAF1BB-FC96-4D73-BA1A-A2B0CEA75DA1}.DebugEmulate|Any CPU.Build.0 = Debug|Any CPU
		{FDBAF1BB-FC96-4D73-BA1A-A2B0CEA75DA1}.DebugEmulate|x64.ActiveCfg = Debug|Any CPU
		{FDBAF1BB-FC96-4D73-BA1A-A2B0CEA75DA1}.DebugEmulate|x64.Build.0 = Debug|Any CPU
		{FDBAF1BB-FC96-4D73-BA1A-A2B0CEA75DA1}.DebugEmulate|x86.ActiveCfg = Debug|Any CPU
		{FDBAF1BB-FC96-4D73-BA1A-A2B0CEA75DA1}.DebugEmulate|x86.Build.0 = Debug|Any CPU
		{FDBAF1BB-FC96-4D73-BA1A-A2B0CEA75DA1}.Release|Any CPU.ActiveCfg = Release|Any CPU
		{FDBAF1BB-FC96-4D73-BA1A-A2B0CEA75DA1}.Release|Any CPU.Build.0 = Release|Any CPU
		{FDBAF1BB-FC96-4D73-BA1A-A2B0CEA75DA1}.Release|x64.ActiveCfg = Release|Any CPU
		{FDBAF1BB-FC96-4D73-BA1A-A2B0CEA75DA1}.Release|x64.Build.0 = Release|Any CPU
		{FDBAF1BB-FC96-4D73-BA1A-A2B0CEA75DA1}.Release|x86.ActiveCfg = Release|Any CPU
		{FDBAF1BB-FC96-4D73-BA1A-A2B0CEA75DA1}.Release|x86.Build.0 = Release|Any CPU
		{FDBAF1BB-FC96-4D73-BA1A-A2B0CEA75DA1}.ReleaseEmulate|Any CPU.ActiveCfg = Release|Any CPU
		{FDBAF1BB-FC96-4D73-BA1A-A2B0CEA75DA1}.ReleaseEmulate|Any CPU.Build.0 = Release|Any CPU
		{FDBAF1BB-FC96-4D73-BA1A-A2B0CEA75DA1}.ReleaseEmulate|x64.ActiveCfg = Release|Any CPU
		{FDBAF1BB-FC96-4D73-BA1A-A2B0CEA75DA1}.ReleaseEmulate|x64.Build.0 = Release|Any CPU
		{FDBAF1BB-FC96-4D73-BA1A-A2B0CEA75DA1}.ReleaseEmulate|x86.ActiveCfg = Release|Any CPU
		{FDBAF1BB-FC96-4D73-BA1A-A2B0CEA75DA1}.ReleaseEmulate|x86.Build.0 = Release|Any CPU
		{9376B860-9896-40E5-8746-8ABF1F0A8B3D}.Debug Fast Build|Any CPU.ActiveCfg = Debug|Any CPU
		{9376B860-9896-40E5-8746-8ABF1F0A8B3D}.Debug Fast Build|Any CPU.Build.0 = Debug|Any CPU
		{9376B860-9896-40E5-8746-8ABF1F0A8B3D}.Debug Fast Build|x64.ActiveCfg = Debug|Any CPU
		{9376B860-9896-40E5-8746-8ABF1F0A8B3D}.Debug Fast Build|x64.Build.0 = Debug|Any CPU
		{9376B860-9896-40E5-8746-8ABF1F0A8B3D}.Debug Fast Build|x86.ActiveCfg = Debug|Any CPU
		{9376B860-9896-40E5-8746-8ABF1F0A8B3D}.Debug Fast Build|x86.Build.0 = Debug|Any CPU
		{9376B860-9896-40E5-8746-8ABF1F0A8B3D}.Debug|Any CPU.ActiveCfg = Debug|Any CPU
		{9376B860-9896-40E5-8746-8ABF1F0A8B3D}.Debug|Any CPU.Build.0 = Debug|Any CPU
		{9376B860-9896-40E5-8746-8ABF1F0A8B3D}.Debug|x64.ActiveCfg = Debug|Any CPU
		{9376B860-9896-40E5-8746-8ABF1F0A8B3D}.Debug|x64.Build.0 = Debug|Any CPU
		{9376B860-9896-40E5-8746-8ABF1F0A8B3D}.Debug|x86.ActiveCfg = Debug|Any CPU
		{9376B860-9896-40E5-8746-8ABF1F0A8B3D}.Debug|x86.Build.0 = Debug|Any CPU
		{9376B860-9896-40E5-8746-8ABF1F0A8B3D}.DebugEmulate|Any CPU.ActiveCfg = Debug|Any CPU
		{9376B860-9896-40E5-8746-8ABF1F0A8B3D}.DebugEmulate|Any CPU.Build.0 = Debug|Any CPU
		{9376B860-9896-40E5-8746-8ABF1F0A8B3D}.DebugEmulate|x64.ActiveCfg = Debug|Any CPU
		{9376B860-9896-40E5-8746-8ABF1F0A8B3D}.DebugEmulate|x64.Build.0 = Debug|Any CPU
		{9376B860-9896-40E5-8746-8ABF1F0A8B3D}.DebugEmulate|x86.ActiveCfg = Debug|Any CPU
		{9376B860-9896-40E5-8746-8ABF1F0A8B3D}.DebugEmulate|x86.Build.0 = Debug|Any CPU
		{9376B860-9896-40E5-8746-8ABF1F0A8B3D}.Release|Any CPU.ActiveCfg = Release|Any CPU
		{9376B860-9896-40E5-8746-8ABF1F0A8B3D}.Release|Any CPU.Build.0 = Release|Any CPU
		{9376B860-9896-40E5-8746-8ABF1F0A8B3D}.Release|x64.ActiveCfg = Release|Any CPU
		{9376B860-9896-40E5-8746-8ABF1F0A8B3D}.Release|x64.Build.0 = Release|Any CPU
		{9376B860-9896-40E5-8746-8ABF1F0A8B3D}.Release|x86.ActiveCfg = Release|Any CPU
		{9376B860-9896-40E5-8746-8ABF1F0A8B3D}.Release|x86.Build.0 = Release|Any CPU
		{9376B860-9896-40E5-8746-8ABF1F0A8B3D}.ReleaseEmulate|Any CPU.ActiveCfg = Release|Any CPU
		{9376B860-9896-40E5-8746-8ABF1F0A8B3D}.ReleaseEmulate|Any CPU.Build.0 = Release|Any CPU
		{9376B860-9896-40E5-8746-8ABF1F0A8B3D}.ReleaseEmulate|x64.ActiveCfg = Release|Any CPU
		{9376B860-9896-40E5-8746-8ABF1F0A8B3D}.ReleaseEmulate|x64.Build.0 = Release|Any CPU
		{9376B860-9896-40E5-8746-8ABF1F0A8B3D}.ReleaseEmulate|x86.ActiveCfg = Release|Any CPU
		{9376B860-9896-40E5-8746-8ABF1F0A8B3D}.ReleaseEmulate|x86.Build.0 = Release|Any CPU
		{C14BEDC8-FF66-4118-BE66-675F26BE7EE0}.Debug Fast Build|Any CPU.ActiveCfg = Debug|Any CPU
		{C14BEDC8-FF66-4118-BE66-675F26BE7EE0}.Debug Fast Build|Any CPU.Build.0 = Debug|Any CPU
		{C14BEDC8-FF66-4118-BE66-675F26BE7EE0}.Debug Fast Build|x64.ActiveCfg = Debug|Any CPU
		{C14BEDC8-FF66-4118-BE66-675F26BE7EE0}.Debug Fast Build|x64.Build.0 = Debug|Any CPU
		{C14BEDC8-FF66-4118-BE66-675F26BE7EE0}.Debug Fast Build|x86.ActiveCfg = Debug|Any CPU
		{C14BEDC8-FF66-4118-BE66-675F26BE7EE0}.Debug Fast Build|x86.Build.0 = Debug|Any CPU
		{C14BEDC8-FF66-4118-BE66-675F26BE7EE0}.Debug|Any CPU.ActiveCfg = Debug|Any CPU
		{C14BEDC8-FF66-4118-BE66-675F26BE7EE0}.Debug|Any CPU.Build.0 = Debug|Any CPU
		{C14BEDC8-FF66-4118-BE66-675F26BE7EE0}.Debug|x64.ActiveCfg = Debug|Any CPU
		{C14BEDC8-FF66-4118-BE66-675F26BE7EE0}.Debug|x64.Build.0 = Debug|Any CPU
		{C14BEDC8-FF66-4118-BE66-675F26BE7EE0}.Debug|x86.ActiveCfg = Debug|Any CPU
		{C14BEDC8-FF66-4118-BE66-675F26BE7EE0}.Debug|x86.Build.0 = Debug|Any CPU
		{C14BEDC8-FF66-4118-BE66-675F26BE7EE0}.DebugEmulate|Any CPU.ActiveCfg = Debug|Any CPU
		{C14BEDC8-FF66-4118-BE66-675F26BE7EE0}.DebugEmulate|Any CPU.Build.0 = Debug|Any CPU
		{C14BEDC8-FF66-4118-BE66-675F26BE7EE0}.DebugEmulate|x64.ActiveCfg = Debug|Any CPU
		{C14BEDC8-FF66-4118-BE66-675F26BE7EE0}.DebugEmulate|x64.Build.0 = Debug|Any CPU
		{C14BEDC8-FF66-4118-BE66-675F26BE7EE0}.DebugEmulate|x86.ActiveCfg = Debug|Any CPU
		{C14BEDC8-FF66-4118-BE66-675F26BE7EE0}.DebugEmulate|x86.Build.0 = Debug|Any CPU
		{C14BEDC8-FF66-4118-BE66-675F26BE7EE0}.Release|Any CPU.ActiveCfg = Release|Any CPU
		{C14BEDC8-FF66-4118-BE66-675F26BE7EE0}.Release|Any CPU.Build.0 = Release|Any CPU
		{C14BEDC8-FF66-4118-BE66-675F26BE7EE0}.Release|x64.ActiveCfg = Release|Any CPU
		{C14BEDC8-FF66-4118-BE66-675F26BE7EE0}.Release|x64.Build.0 = Release|Any CPU
		{C14BEDC8-FF66-4118-BE66-675F26BE7EE0}.Release|x86.ActiveCfg = Release|Any CPU
		{C14BEDC8-FF66-4118-BE66-675F26BE7EE0}.Release|x86.Build.0 = Release|Any CPU
		{C14BEDC8-FF66-4118-BE66-675F26BE7EE0}.ReleaseEmulate|Any CPU.ActiveCfg = Release|Any CPU
		{C14BEDC8-FF66-4118-BE66-675F26BE7EE0}.ReleaseEmulate|Any CPU.Build.0 = Release|Any CPU
		{C14BEDC8-FF66-4118-BE66-675F26BE7EE0}.ReleaseEmulate|x64.ActiveCfg = Release|Any CPU
		{C14BEDC8-FF66-4118-BE66-675F26BE7EE0}.ReleaseEmulate|x64.Build.0 = Release|Any CPU
		{C14BEDC8-FF66-4118-BE66-675F26BE7EE0}.ReleaseEmulate|x86.ActiveCfg = Release|Any CPU
		{C14BEDC8-FF66-4118-BE66-675F26BE7EE0}.ReleaseEmulate|x86.Build.0 = Release|Any CPU
		{53A34E74-35E4-4E30-888B-CD0705A41BFE}.Debug Fast Build|Any CPU.ActiveCfg = Debug Fast Build|Any CPU
		{53A34E74-35E4-4E30-888B-CD0705A41BFE}.Debug Fast Build|Any CPU.Build.0 = Debug Fast Build|Any CPU
		{53A34E74-35E4-4E30-888B-CD0705A41BFE}.Debug Fast Build|x64.ActiveCfg = Debug Fast Build|Any CPU
		{53A34E74-35E4-4E30-888B-CD0705A41BFE}.Debug Fast Build|x64.Build.0 = Debug Fast Build|Any CPU
		{53A34E74-35E4-4E30-888B-CD0705A41BFE}.Debug Fast Build|x86.ActiveCfg = Debug Fast Build|Any CPU
		{53A34E74-35E4-4E30-888B-CD0705A41BFE}.Debug Fast Build|x86.Build.0 = Debug Fast Build|Any CPU
		{53A34E74-35E4-4E30-888B-CD0705A41BFE}.Debug|Any CPU.ActiveCfg = Debug|Any CPU
		{53A34E74-35E4-4E30-888B-CD0705A41BFE}.Debug|Any CPU.Build.0 = Debug|Any CPU
		{53A34E74-35E4-4E30-888B-CD0705A41BFE}.Debug|x64.ActiveCfg = Debug|Any CPU
		{53A34E74-35E4-4E30-888B-CD0705A41BFE}.Debug|x64.Build.0 = Debug|Any CPU
		{53A34E74-35E4-4E30-888B-CD0705A41BFE}.Debug|x86.ActiveCfg = Debug|Any CPU
		{53A34E74-35E4-4E30-888B-CD0705A41BFE}.Debug|x86.Build.0 = Debug|Any CPU
		{53A34E74-35E4-4E30-888B-CD0705A41BFE}.DebugEmulate|Any CPU.ActiveCfg = Debug|Any CPU
		{53A34E74-35E4-4E30-888B-CD0705A41BFE}.DebugEmulate|Any CPU.Build.0 = Debug|Any CPU
		{53A34E74-35E4-4E30-888B-CD0705A41BFE}.DebugEmulate|x64.ActiveCfg = Debug|Any CPU
		{53A34E74-35E4-4E30-888B-CD0705A41BFE}.DebugEmulate|x64.Build.0 = Debug|Any CPU
		{53A34E74-35E4-4E30-888B-CD0705A41BFE}.DebugEmulate|x86.ActiveCfg = Debug|Any CPU
		{53A34E74-35E4-4E30-888B-CD0705A41BFE}.DebugEmulate|x86.Build.0 = Debug|Any CPU
		{53A34E74-35E4-4E30-888B-CD0705A41BFE}.Release|Any CPU.ActiveCfg = Release|Any CPU
		{53A34E74-35E4-4E30-888B-CD0705A41BFE}.Release|Any CPU.Build.0 = Release|Any CPU
		{53A34E74-35E4-4E30-888B-CD0705A41BFE}.Release|x64.ActiveCfg = Release|Any CPU
		{53A34E74-35E4-4E30-888B-CD0705A41BFE}.Release|x64.Build.0 = Release|Any CPU
		{53A34E74-35E4-4E30-888B-CD0705A41BFE}.Release|x86.ActiveCfg = Release|Any CPU
		{53A34E74-35E4-4E30-888B-CD0705A41BFE}.Release|x86.Build.0 = Release|Any CPU
		{53A34E74-35E4-4E30-888B-CD0705A41BFE}.ReleaseEmulate|Any CPU.ActiveCfg = Release|Any CPU
		{53A34E74-35E4-4E30-888B-CD0705A41BFE}.ReleaseEmulate|Any CPU.Build.0 = Release|Any CPU
		{53A34E74-35E4-4E30-888B-CD0705A41BFE}.ReleaseEmulate|x64.ActiveCfg = Release|Any CPU
		{53A34E74-35E4-4E30-888B-CD0705A41BFE}.ReleaseEmulate|x64.Build.0 = Release|Any CPU
		{53A34E74-35E4-4E30-888B-CD0705A41BFE}.ReleaseEmulate|x86.ActiveCfg = Release|Any CPU
		{53A34E74-35E4-4E30-888B-CD0705A41BFE}.ReleaseEmulate|x86.Build.0 = Release|Any CPU
		{642BA581-59CB-445E-8D7D-81E67B748D77}.Debug Fast Build|Any CPU.ActiveCfg = Debug|Any CPU
		{642BA581-59CB-445E-8D7D-81E67B748D77}.Debug Fast Build|Any CPU.Build.0 = Debug|Any CPU
		{642BA581-59CB-445E-8D7D-81E67B748D77}.Debug Fast Build|x64.ActiveCfg = Debug|Any CPU
		{642BA581-59CB-445E-8D7D-81E67B748D77}.Debug Fast Build|x64.Build.0 = Debug|Any CPU
		{642BA581-59CB-445E-8D7D-81E67B748D77}.Debug Fast Build|x86.ActiveCfg = Debug|Any CPU
		{642BA581-59CB-445E-8D7D-81E67B748D77}.Debug Fast Build|x86.Build.0 = Debug|Any CPU
		{642BA581-59CB-445E-8D7D-81E67B748D77}.Debug|Any CPU.ActiveCfg = Debug|Any CPU
		{642BA581-59CB-445E-8D7D-81E67B748D77}.Debug|Any CPU.Build.0 = Debug|Any CPU
		{642BA581-59CB-445E-8D7D-81E67B748D77}.Debug|x64.ActiveCfg = Debug|Any CPU
		{642BA581-59CB-445E-8D7D-81E67B748D77}.Debug|x64.Build.0 = Debug|Any CPU
		{642BA581-59CB-445E-8D7D-81E67B748D77}.Debug|x86.ActiveCfg = Debug|Any CPU
		{642BA581-59CB-445E-8D7D-81E67B748D77}.Debug|x86.Build.0 = Debug|Any CPU
		{642BA581-59CB-445E-8D7D-81E67B748D77}.DebugEmulate|Any CPU.ActiveCfg = Debug|Any CPU
		{642BA581-59CB-445E-8D7D-81E67B748D77}.DebugEmulate|Any CPU.Build.0 = Debug|Any CPU
		{642BA581-59CB-445E-8D7D-81E67B748D77}.DebugEmulate|x64.ActiveCfg = Debug|Any CPU
		{642BA581-59CB-445E-8D7D-81E67B748D77}.DebugEmulate|x64.Build.0 = Debug|Any CPU
		{642BA581-59CB-445E-8D7D-81E67B748D77}.DebugEmulate|x86.ActiveCfg = Debug|Any CPU
		{642BA581-59CB-445E-8D7D-81E67B748D77}.DebugEmulate|x86.Build.0 = Debug|Any CPU
		{642BA581-59CB-445E-8D7D-81E67B748D77}.Release|Any CPU.ActiveCfg = Release|Any CPU
		{642BA581-59CB-445E-8D7D-81E67B748D77}.Release|Any CPU.Build.0 = Release|Any CPU
		{642BA581-59CB-445E-8D7D-81E67B748D77}.Release|x64.ActiveCfg = Release|Any CPU
		{642BA581-59CB-445E-8D7D-81E67B748D77}.Release|x64.Build.0 = Release|Any CPU
		{642BA581-59CB-445E-8D7D-81E67B748D77}.Release|x86.ActiveCfg = Release|Any CPU
		{642BA581-59CB-445E-8D7D-81E67B748D77}.Release|x86.Build.0 = Release|Any CPU
		{642BA581-59CB-445E-8D7D-81E67B748D77}.ReleaseEmulate|Any CPU.ActiveCfg = Release|Any CPU
		{642BA581-59CB-445E-8D7D-81E67B748D77}.ReleaseEmulate|Any CPU.Build.0 = Release|Any CPU
		{642BA581-59CB-445E-8D7D-81E67B748D77}.ReleaseEmulate|x64.ActiveCfg = Release|Any CPU
		{642BA581-59CB-445E-8D7D-81E67B748D77}.ReleaseEmulate|x64.Build.0 = Release|Any CPU
		{642BA581-59CB-445E-8D7D-81E67B748D77}.ReleaseEmulate|x86.ActiveCfg = Release|Any CPU
		{642BA581-59CB-445E-8D7D-81E67B748D77}.ReleaseEmulate|x86.Build.0 = Release|Any CPU
		{3CA0B2F3-0EFE-4324-B1D2-FE4A15AC72E8}.Debug Fast Build|Any CPU.ActiveCfg = Debug|Any CPU
		{3CA0B2F3-0EFE-4324-B1D2-FE4A15AC72E8}.Debug Fast Build|Any CPU.Build.0 = Debug|Any CPU
		{3CA0B2F3-0EFE-4324-B1D2-FE4A15AC72E8}.Debug Fast Build|x64.ActiveCfg = Debug|Any CPU
		{3CA0B2F3-0EFE-4324-B1D2-FE4A15AC72E8}.Debug Fast Build|x64.Build.0 = Debug|Any CPU
		{3CA0B2F3-0EFE-4324-B1D2-FE4A15AC72E8}.Debug Fast Build|x86.ActiveCfg = Debug|Any CPU
		{3CA0B2F3-0EFE-4324-B1D2-FE4A15AC72E8}.Debug Fast Build|x86.Build.0 = Debug|Any CPU
		{3CA0B2F3-0EFE-4324-B1D2-FE4A15AC72E8}.Debug|Any CPU.ActiveCfg = Debug|Any CPU
		{3CA0B2F3-0EFE-4324-B1D2-FE4A15AC72E8}.Debug|Any CPU.Build.0 = Debug|Any CPU
		{3CA0B2F3-0EFE-4324-B1D2-FE4A15AC72E8}.Debug|x64.ActiveCfg = Debug|Any CPU
		{3CA0B2F3-0EFE-4324-B1D2-FE4A15AC72E8}.Debug|x64.Build.0 = Debug|Any CPU
		{3CA0B2F3-0EFE-4324-B1D2-FE4A15AC72E8}.Debug|x86.ActiveCfg = Debug|Any CPU
		{3CA0B2F3-0EFE-4324-B1D2-FE4A15AC72E8}.Debug|x86.Build.0 = Debug|Any CPU
		{3CA0B2F3-0EFE-4324-B1D2-FE4A15AC72E8}.DebugEmulate|Any CPU.ActiveCfg = Debug|Any CPU
		{3CA0B2F3-0EFE-4324-B1D2-FE4A15AC72E8}.DebugEmulate|Any CPU.Build.0 = Debug|Any CPU
		{3CA0B2F3-0EFE-4324-B1D2-FE4A15AC72E8}.DebugEmulate|x64.ActiveCfg = Debug|Any CPU
		{3CA0B2F3-0EFE-4324-B1D2-FE4A15AC72E8}.DebugEmulate|x64.Build.0 = Debug|Any CPU
		{3CA0B2F3-0EFE-4324-B1D2-FE4A15AC72E8}.DebugEmulate|x86.ActiveCfg = Debug|Any CPU
		{3CA0B2F3-0EFE-4324-B1D2-FE4A15AC72E8}.DebugEmulate|x86.Build.0 = Debug|Any CPU
		{3CA0B2F3-0EFE-4324-B1D2-FE4A15AC72E8}.Release|Any CPU.ActiveCfg = Release|Any CPU
		{3CA0B2F3-0EFE-4324-B1D2-FE4A15AC72E8}.Release|Any CPU.Build.0 = Release|Any CPU
		{3CA0B2F3-0EFE-4324-B1D2-FE4A15AC72E8}.Release|x64.ActiveCfg = Release|Any CPU
		{3CA0B2F3-0EFE-4324-B1D2-FE4A15AC72E8}.Release|x64.Build.0 = Release|Any CPU
		{3CA0B2F3-0EFE-4324-B1D2-FE4A15AC72E8}.Release|x86.ActiveCfg = Release|Any CPU
		{3CA0B2F3-0EFE-4324-B1D2-FE4A15AC72E8}.Release|x86.Build.0 = Release|Any CPU
		{3CA0B2F3-0EFE-4324-B1D2-FE4A15AC72E8}.ReleaseEmulate|Any CPU.ActiveCfg = Release|Any CPU
		{3CA0B2F3-0EFE-4324-B1D2-FE4A15AC72E8}.ReleaseEmulate|Any CPU.Build.0 = Release|Any CPU
		{3CA0B2F3-0EFE-4324-B1D2-FE4A15AC72E8}.ReleaseEmulate|x64.ActiveCfg = Release|Any CPU
		{3CA0B2F3-0EFE-4324-B1D2-FE4A15AC72E8}.ReleaseEmulate|x64.Build.0 = Release|Any CPU
		{3CA0B2F3-0EFE-4324-B1D2-FE4A15AC72E8}.ReleaseEmulate|x86.ActiveCfg = Release|Any CPU
		{3CA0B2F3-0EFE-4324-B1D2-FE4A15AC72E8}.ReleaseEmulate|x86.Build.0 = Release|Any CPU
		{94643CDE-A28A-473B-8A50-86471A47D33D}.Debug Fast Build|Any CPU.ActiveCfg = Debug|Any CPU
		{94643CDE-A28A-473B-8A50-86471A47D33D}.Debug Fast Build|Any CPU.Build.0 = Debug|Any CPU
		{94643CDE-A28A-473B-8A50-86471A47D33D}.Debug Fast Build|x64.ActiveCfg = Debug|Any CPU
		{94643CDE-A28A-473B-8A50-86471A47D33D}.Debug Fast Build|x64.Build.0 = Debug|Any CPU
		{94643CDE-A28A-473B-8A50-86471A47D33D}.Debug Fast Build|x86.ActiveCfg = Debug|Any CPU
		{94643CDE-A28A-473B-8A50-86471A47D33D}.Debug Fast Build|x86.Build.0 = Debug|Any CPU
		{94643CDE-A28A-473B-8A50-86471A47D33D}.Debug|Any CPU.ActiveCfg = Debug|Any CPU
		{94643CDE-A28A-473B-8A50-86471A47D33D}.Debug|Any CPU.Build.0 = Debug|Any CPU
		{94643CDE-A28A-473B-8A50-86471A47D33D}.Debug|x64.ActiveCfg = Debug|Any CPU
		{94643CDE-A28A-473B-8A50-86471A47D33D}.Debug|x64.Build.0 = Debug|Any CPU
		{94643CDE-A28A-473B-8A50-86471A47D33D}.Debug|x86.ActiveCfg = Debug|Any CPU
		{94643CDE-A28A-473B-8A50-86471A47D33D}.Debug|x86.Build.0 = Debug|Any CPU
		{94643CDE-A28A-473B-8A50-86471A47D33D}.DebugEmulate|Any CPU.ActiveCfg = Debug|Any CPU
		{94643CDE-A28A-473B-8A50-86471A47D33D}.DebugEmulate|Any CPU.Build.0 = Debug|Any CPU
		{94643CDE-A28A-473B-8A50-86471A47D33D}.DebugEmulate|x64.ActiveCfg = Debug|Any CPU
		{94643CDE-A28A-473B-8A50-86471A47D33D}.DebugEmulate|x64.Build.0 = Debug|Any CPU
		{94643CDE-A28A-473B-8A50-86471A47D33D}.DebugEmulate|x86.ActiveCfg = Debug|Any CPU
		{94643CDE-A28A-473B-8A50-86471A47D33D}.DebugEmulate|x86.Build.0 = Debug|Any CPU
		{94643CDE-A28A-473B-8A50-86471A47D33D}.Release|Any CPU.ActiveCfg = Release|Any CPU
		{94643CDE-A28A-473B-8A50-86471A47D33D}.Release|Any CPU.Build.0 = Release|Any CPU
		{94643CDE-A28A-473B-8A50-86471A47D33D}.Release|x64.ActiveCfg = Release|Any CPU
		{94643CDE-A28A-473B-8A50-86471A47D33D}.Release|x64.Build.0 = Release|Any CPU
		{94643CDE-A28A-473B-8A50-86471A47D33D}.Release|x86.ActiveCfg = Release|Any CPU
		{94643CDE-A28A-473B-8A50-86471A47D33D}.Release|x86.Build.0 = Release|Any CPU
		{94643CDE-A28A-473B-8A50-86471A47D33D}.ReleaseEmulate|Any CPU.ActiveCfg = Release|Any CPU
		{94643CDE-A28A-473B-8A50-86471A47D33D}.ReleaseEmulate|Any CPU.Build.0 = Release|Any CPU
		{94643CDE-A28A-473B-8A50-86471A47D33D}.ReleaseEmulate|x64.ActiveCfg = Release|Any CPU
		{94643CDE-A28A-473B-8A50-86471A47D33D}.ReleaseEmulate|x64.Build.0 = Release|Any CPU
		{94643CDE-A28A-473B-8A50-86471A47D33D}.ReleaseEmulate|x86.ActiveCfg = Release|Any CPU
		{94643CDE-A28A-473B-8A50-86471A47D33D}.ReleaseEmulate|x86.Build.0 = Release|Any CPU
		{50EAA41A-57D4-403D-ACEC-F58F013FA523}.Debug Fast Build|Any CPU.ActiveCfg = Release|Win32
		{50EAA41A-57D4-403D-ACEC-F58F013FA523}.Debug Fast Build|Any CPU.Build.0 = Release|Win32
		{50EAA41A-57D4-403D-ACEC-F58F013FA523}.Debug Fast Build|x64.ActiveCfg = Debug|x64
		{50EAA41A-57D4-403D-ACEC-F58F013FA523}.Debug Fast Build|x64.Build.0 = Debug|x64
		{50EAA41A-57D4-403D-ACEC-F58F013FA523}.Debug Fast Build|x86.ActiveCfg = Debug|Win32
		{50EAA41A-57D4-403D-ACEC-F58F013FA523}.Debug Fast Build|x86.Build.0 = Debug|Win32
		{50EAA41A-57D4-403D-ACEC-F58F013FA523}.Debug|Any CPU.ActiveCfg = Debug|Win32
		{50EAA41A-57D4-403D-ACEC-F58F013FA523}.Debug|x64.ActiveCfg = Debug|x64
		{50EAA41A-57D4-403D-ACEC-F58F013FA523}.Debug|x64.Build.0 = Debug|x64
		{50EAA41A-57D4-403D-ACEC-F58F013FA523}.Debug|x86.ActiveCfg = Debug|Win32
		{50EAA41A-57D4-403D-ACEC-F58F013FA523}.Debug|x86.Build.0 = Debug|Win32
		{50EAA41A-57D4-403D-ACEC-F58F013FA523}.DebugEmulate|Any CPU.ActiveCfg = Release|x64
		{50EAA41A-57D4-403D-ACEC-F58F013FA523}.DebugEmulate|Any CPU.Build.0 = Release|x64
		{50EAA41A-57D4-403D-ACEC-F58F013FA523}.DebugEmulate|x64.ActiveCfg = Debug|x64
		{50EAA41A-57D4-403D-ACEC-F58F013FA523}.DebugEmulate|x64.Build.0 = Debug|x64
		{50EAA41A-57D4-403D-ACEC-F58F013FA523}.DebugEmulate|x86.ActiveCfg = Debug|Win32
		{50EAA41A-57D4-403D-ACEC-F58F013FA523}.DebugEmulate|x86.Build.0 = Debug|Win32
		{50EAA41A-57D4-403D-ACEC-F58F013FA523}.Release|Any CPU.ActiveCfg = Release|Win32
		{50EAA41A-57D4-403D-ACEC-F58F013FA523}.Release|x64.ActiveCfg = Release|x64
		{50EAA41A-57D4-403D-ACEC-F58F013FA523}.Release|x64.Build.0 = Release|x64
		{50EAA41A-57D4-403D-ACEC-F58F013FA523}.Release|x86.ActiveCfg = Release|Win32
		{50EAA41A-57D4-403D-ACEC-F58F013FA523}.Release|x86.Build.0 = Release|Win32
		{50EAA41A-57D4-403D-ACEC-F58F013FA523}.ReleaseEmulate|Any CPU.ActiveCfg = Release|x64
		{50EAA41A-57D4-403D-ACEC-F58F013FA523}.ReleaseEmulate|Any CPU.Build.0 = Release|x64
		{50EAA41A-57D4-403D-ACEC-F58F013FA523}.ReleaseEmulate|x64.ActiveCfg = Release|x64
		{50EAA41A-57D4-403D-ACEC-F58F013FA523}.ReleaseEmulate|x64.Build.0 = Release|x64
		{50EAA41A-57D4-403D-ACEC-F58F013FA523}.ReleaseEmulate|x86.ActiveCfg = Release|Win32
		{50EAA41A-57D4-403D-ACEC-F58F013FA523}.ReleaseEmulate|x86.Build.0 = Release|Win32
		{187290E7-88A9-43CA-A7B0-29D014FC6BC7}.Debug Fast Build|Any CPU.ActiveCfg = Release|Win32
		{187290E7-88A9-43CA-A7B0-29D014FC6BC7}.Debug Fast Build|Any CPU.Build.0 = Release|Win32
		{187290E7-88A9-43CA-A7B0-29D014FC6BC7}.Debug Fast Build|x64.ActiveCfg = Debug|x64
		{187290E7-88A9-43CA-A7B0-29D014FC6BC7}.Debug Fast Build|x64.Build.0 = Debug|x64
		{187290E7-88A9-43CA-A7B0-29D014FC6BC7}.Debug Fast Build|x86.ActiveCfg = Debug|Win32
		{187290E7-88A9-43CA-A7B0-29D014FC6BC7}.Debug Fast Build|x86.Build.0 = Debug|Win32
		{187290E7-88A9-43CA-A7B0-29D014FC6BC7}.Debug|Any CPU.ActiveCfg = Debug|Win32
		{187290E7-88A9-43CA-A7B0-29D014FC6BC7}.Debug|x64.ActiveCfg = Debug|x64
		{187290E7-88A9-43CA-A7B0-29D014FC6BC7}.Debug|x64.Build.0 = Debug|x64
		{187290E7-88A9-43CA-A7B0-29D014FC6BC7}.Debug|x86.ActiveCfg = Debug|Win32
		{187290E7-88A9-43CA-A7B0-29D014FC6BC7}.Debug|x86.Build.0 = Debug|Win32
		{187290E7-88A9-43CA-A7B0-29D014FC6BC7}.DebugEmulate|Any CPU.ActiveCfg = Release|x64
		{187290E7-88A9-43CA-A7B0-29D014FC6BC7}.DebugEmulate|Any CPU.Build.0 = Release|x64
		{187290E7-88A9-43CA-A7B0-29D014FC6BC7}.DebugEmulate|x64.ActiveCfg = Debug|x64
		{187290E7-88A9-43CA-A7B0-29D014FC6BC7}.DebugEmulate|x64.Build.0 = Debug|x64
		{187290E7-88A9-43CA-A7B0-29D014FC6BC7}.DebugEmulate|x86.ActiveCfg = Debug|Win32
		{187290E7-88A9-43CA-A7B0-29D014FC6BC7}.DebugEmulate|x86.Build.0 = Debug|Win32
		{187290E7-88A9-43CA-A7B0-29D014FC6BC7}.Release|Any CPU.ActiveCfg = Release|Win32
		{187290E7-88A9-43CA-A7B0-29D014FC6BC7}.Release|x64.ActiveCfg = Release|x64
		{187290E7-88A9-43CA-A7B0-29D014FC6BC7}.Release|x64.Build.0 = Release|x64
		{187290E7-88A9-43CA-A7B0-29D014FC6BC7}.Release|x86.ActiveCfg = Release|Win32
		{187290E7-88A9-43CA-A7B0-29D014FC6BC7}.Release|x86.Build.0 = Release|Win32
		{187290E7-88A9-43CA-A7B0-29D014FC6BC7}.ReleaseEmulate|Any CPU.ActiveCfg = Release|x64
		{187290E7-88A9-43CA-A7B0-29D014FC6BC7}.ReleaseEmulate|Any CPU.Build.0 = Release|x64
		{187290E7-88A9-43CA-A7B0-29D014FC6BC7}.ReleaseEmulate|x64.ActiveCfg = Release|x64
		{187290E7-88A9-43CA-A7B0-29D014FC6BC7}.ReleaseEmulate|x64.Build.0 = Release|x64
		{187290E7-88A9-43CA-A7B0-29D014FC6BC7}.ReleaseEmulate|x86.ActiveCfg = Release|Win32
		{187290E7-88A9-43CA-A7B0-29D014FC6BC7}.ReleaseEmulate|x86.Build.0 = Release|Win32
		{556CD2CC-7D48-4B69-AE62-276198EC5B11}.Debug Fast Build|Any CPU.ActiveCfg = Release|Win32
		{556CD2CC-7D48-4B69-AE62-276198EC5B11}.Debug Fast Build|Any CPU.Build.0 = Release|Win32
		{556CD2CC-7D48-4B69-AE62-276198EC5B11}.Debug Fast Build|x64.ActiveCfg = Debug|x64
		{556CD2CC-7D48-4B69-AE62-276198EC5B11}.Debug Fast Build|x64.Build.0 = Debug|x64
		{556CD2CC-7D48-4B69-AE62-276198EC5B11}.Debug Fast Build|x86.ActiveCfg = Debug|Win32
		{556CD2CC-7D48-4B69-AE62-276198EC5B11}.Debug Fast Build|x86.Build.0 = Debug|Win32
		{556CD2CC-7D48-4B69-AE62-276198EC5B11}.Debug|Any CPU.ActiveCfg = Debug|Win32
		{556CD2CC-7D48-4B69-AE62-276198EC5B11}.Debug|x64.ActiveCfg = Debug|x64
		{556CD2CC-7D48-4B69-AE62-276198EC5B11}.Debug|x64.Build.0 = Debug|x64
		{556CD2CC-7D48-4B69-AE62-276198EC5B11}.Debug|x86.ActiveCfg = Debug|Win32
		{556CD2CC-7D48-4B69-AE62-276198EC5B11}.Debug|x86.Build.0 = Debug|Win32
		{556CD2CC-7D48-4B69-AE62-276198EC5B11}.DebugEmulate|Any CPU.ActiveCfg = Release|x64
		{556CD2CC-7D48-4B69-AE62-276198EC5B11}.DebugEmulate|Any CPU.Build.0 = Release|x64
		{556CD2CC-7D48-4B69-AE62-276198EC5B11}.DebugEmulate|x64.ActiveCfg = Debug|x64
		{556CD2CC-7D48-4B69-AE62-276198EC5B11}.DebugEmulate|x64.Build.0 = Debug|x64
		{556CD2CC-7D48-4B69-AE62-276198EC5B11}.DebugEmulate|x86.ActiveCfg = Debug|Win32
		{556CD2CC-7D48-4B69-AE62-276198EC5B11}.DebugEmulate|x86.Build.0 = Debug|Win32
		{556CD2CC-7D48-4B69-AE62-276198EC5B11}.Release|Any CPU.ActiveCfg = Release|Win32
		{556CD2CC-7D48-4B69-AE62-276198EC5B11}.Release|x64.ActiveCfg = Release|x64
		{556CD2CC-7D48-4B69-AE62-276198EC5B11}.Release|x64.Build.0 = Release|x64
		{556CD2CC-7D48-4B69-AE62-276198EC5B11}.Release|x86.ActiveCfg = Release|Win32
		{556CD2CC-7D48-4B69-AE62-276198EC5B11}.Release|x86.Build.0 = Release|Win32
		{556CD2CC-7D48-4B69-AE62-276198EC5B11}.ReleaseEmulate|Any CPU.ActiveCfg = Release|x64
		{556CD2CC-7D48-4B69-AE62-276198EC5B11}.ReleaseEmulate|Any CPU.Build.0 = Release|x64
		{556CD2CC-7D48-4B69-AE62-276198EC5B11}.ReleaseEmulate|x64.ActiveCfg = Release|x64
		{556CD2CC-7D48-4B69-AE62-276198EC5B11}.ReleaseEmulate|x64.Build.0 = Release|x64
		{556CD2CC-7D48-4B69-AE62-276198EC5B11}.ReleaseEmulate|x86.ActiveCfg = Release|Win32
		{556CD2CC-7D48-4B69-AE62-276198EC5B11}.ReleaseEmulate|x86.Build.0 = Release|Win32
		{4066CEC7-FAFA-481E-9951-93C060EA0A71}.Debug Fast Build|Any CPU.ActiveCfg = Release|Win32
		{4066CEC7-FAFA-481E-9951-93C060EA0A71}.Debug Fast Build|Any CPU.Build.0 = Release|Win32
		{4066CEC7-FAFA-481E-9951-93C060EA0A71}.Debug Fast Build|x64.ActiveCfg = Debug|x64
		{4066CEC7-FAFA-481E-9951-93C060EA0A71}.Debug Fast Build|x64.Build.0 = Debug|x64
		{4066CEC7-FAFA-481E-9951-93C060EA0A71}.Debug Fast Build|x86.ActiveCfg = Debug|Win32
		{4066CEC7-FAFA-481E-9951-93C060EA0A71}.Debug Fast Build|x86.Build.0 = Debug|Win32
		{4066CEC7-FAFA-481E-9951-93C060EA0A71}.Debug|Any CPU.ActiveCfg = Debug|Win32
		{4066CEC7-FAFA-481E-9951-93C060EA0A71}.Debug|x64.ActiveCfg = Debug|x64
		{4066CEC7-FAFA-481E-9951-93C060EA0A71}.Debug|x64.Build.0 = Debug|x64
		{4066CEC7-FAFA-481E-9951-93C060EA0A71}.Debug|x86.ActiveCfg = Debug|Win32
		{4066CEC7-FAFA-481E-9951-93C060EA0A71}.Debug|x86.Build.0 = Debug|Win32
		{4066CEC7-FAFA-481E-9951-93C060EA0A71}.DebugEmulate|Any CPU.ActiveCfg = Release|x64
		{4066CEC7-FAFA-481E-9951-93C060EA0A71}.DebugEmulate|Any CPU.Build.0 = Release|x64
		{4066CEC7-FAFA-481E-9951-93C060EA0A71}.DebugEmulate|x64.ActiveCfg = Debug|x64
		{4066CEC7-FAFA-481E-9951-93C060EA0A71}.DebugEmulate|x64.Build.0 = Debug|x64
		{4066CEC7-FAFA-481E-9951-93C060EA0A71}.DebugEmulate|x86.ActiveCfg = Debug|Win32
		{4066CEC7-FAFA-481E-9951-93C060EA0A71}.DebugEmulate|x86.Build.0 = Debug|Win32
		{4066CEC7-FAFA-481E-9951-93C060EA0A71}.Release|Any CPU.ActiveCfg = Release|Win32
		{4066CEC7-FAFA-481E-9951-93C060EA0A71}.Release|x64.ActiveCfg = Release|x64
		{4066CEC7-FAFA-481E-9951-93C060EA0A71}.Release|x64.Build.0 = Release|x64
		{4066CEC7-FAFA-481E-9951-93C060EA0A71}.Release|x86.ActiveCfg = Release|Win32
		{4066CEC7-FAFA-481E-9951-93C060EA0A71}.Release|x86.Build.0 = Release|Win32
		{4066CEC7-FAFA-481E-9951-93C060EA0A71}.ReleaseEmulate|Any CPU.ActiveCfg = Release|x64
		{4066CEC7-FAFA-481E-9951-93C060EA0A71}.ReleaseEmulate|Any CPU.Build.0 = Release|x64
		{4066CEC7-FAFA-481E-9951-93C060EA0A71}.ReleaseEmulate|x64.ActiveCfg = Release|x64
		{4066CEC7-FAFA-481E-9951-93C060EA0A71}.ReleaseEmulate|x64.Build.0 = Release|x64
		{4066CEC7-FAFA-481E-9951-93C060EA0A71}.ReleaseEmulate|x86.ActiveCfg = Release|Win32
		{4066CEC7-FAFA-481E-9951-93C060EA0A71}.ReleaseEmulate|x86.Build.0 = Release|Win32
		{A0A4D205-DCED-4262-8276-AD0A2B3737A4}.Debug Fast Build|Any CPU.ActiveCfg = Release|Win32
		{A0A4D205-DCED-4262-8276-AD0A2B3737A4}.Debug Fast Build|Any CPU.Build.0 = Release|Win32
		{A0A4D205-DCED-4262-8276-AD0A2B3737A4}.Debug Fast Build|x64.ActiveCfg = Debug|x64
		{A0A4D205-DCED-4262-8276-AD0A2B3737A4}.Debug Fast Build|x64.Build.0 = Debug|x64
		{A0A4D205-DCED-4262-8276-AD0A2B3737A4}.Debug Fast Build|x86.ActiveCfg = Debug|Win32
		{A0A4D205-DCED-4262-8276-AD0A2B3737A4}.Debug Fast Build|x86.Build.0 = Debug|Win32
		{A0A4D205-DCED-4262-8276-AD0A2B3737A4}.Debug|Any CPU.ActiveCfg = Debug|Win32
		{A0A4D205-DCED-4262-8276-AD0A2B3737A4}.Debug|x64.ActiveCfg = Debug|x64
		{A0A4D205-DCED-4262-8276-AD0A2B3737A4}.Debug|x64.Build.0 = Debug|x64
		{A0A4D205-DCED-4262-8276-AD0A2B3737A4}.Debug|x86.ActiveCfg = Debug|Win32
		{A0A4D205-DCED-4262-8276-AD0A2B3737A4}.Debug|x86.Build.0 = Debug|Win32
		{A0A4D205-DCED-4262-8276-AD0A2B3737A4}.DebugEmulate|Any CPU.ActiveCfg = Release|x64
		{A0A4D205-DCED-4262-8276-AD0A2B3737A4}.DebugEmulate|Any CPU.Build.0 = Release|x64
		{A0A4D205-DCED-4262-8276-AD0A2B3737A4}.DebugEmulate|x64.ActiveCfg = Debug|x64
		{A0A4D205-DCED-4262-8276-AD0A2B3737A4}.DebugEmulate|x64.Build.0 = Debug|x64
		{A0A4D205-DCED-4262-8276-AD0A2B3737A4}.DebugEmulate|x86.ActiveCfg = Debug|Win32
		{A0A4D205-DCED-4262-8276-AD0A2B3737A4}.DebugEmulate|x86.Build.0 = Debug|Win32
		{A0A4D205-DCED-4262-8276-AD0A2B3737A4}.Release|Any CPU.ActiveCfg = Release|Win32
		{A0A4D205-DCED-4262-8276-AD0A2B3737A4}.Release|x64.ActiveCfg = Release|x64
		{A0A4D205-DCED-4262-8276-AD0A2B3737A4}.Release|x64.Build.0 = Release|x64
		{A0A4D205-DCED-4262-8276-AD0A2B3737A4}.Release|x86.ActiveCfg = Release|Win32
		{A0A4D205-DCED-4262-8276-AD0A2B3737A4}.Release|x86.Build.0 = Release|Win32
		{A0A4D205-DCED-4262-8276-AD0A2B3737A4}.ReleaseEmulate|Any CPU.ActiveCfg = Release|x64
		{A0A4D205-DCED-4262-8276-AD0A2B3737A4}.ReleaseEmulate|Any CPU.Build.0 = Release|x64
		{A0A4D205-DCED-4262-8276-AD0A2B3737A4}.ReleaseEmulate|x64.ActiveCfg = Release|x64
		{A0A4D205-DCED-4262-8276-AD0A2B3737A4}.ReleaseEmulate|x64.Build.0 = Release|x64
		{A0A4D205-DCED-4262-8276-AD0A2B3737A4}.ReleaseEmulate|x86.ActiveCfg = Release|Win32
		{A0A4D205-DCED-4262-8276-AD0A2B3737A4}.ReleaseEmulate|x86.Build.0 = Release|Win32
		{4E057228-71D3-4575-AE50-71E6FC970501}.Debug Fast Build|Any CPU.ActiveCfg = Debug|Any CPU
		{4E057228-71D3-4575-AE50-71E6FC970501}.Debug Fast Build|Any CPU.Build.0 = Debug|Any CPU
		{4E057228-71D3-4575-AE50-71E6FC970501}.Debug Fast Build|x64.ActiveCfg = Debug|Any CPU
		{4E057228-71D3-4575-AE50-71E6FC970501}.Debug Fast Build|x64.Build.0 = Debug|Any CPU
		{4E057228-71D3-4575-AE50-71E6FC970501}.Debug Fast Build|x86.ActiveCfg = Debug|Any CPU
		{4E057228-71D3-4575-AE50-71E6FC970501}.Debug Fast Build|x86.Build.0 = Debug|Any CPU
		{4E057228-71D3-4575-AE50-71E6FC970501}.Debug|Any CPU.ActiveCfg = Debug|Any CPU
		{4E057228-71D3-4575-AE50-71E6FC970501}.Debug|Any CPU.Build.0 = Debug|Any CPU
		{4E057228-71D3-4575-AE50-71E6FC970501}.Debug|x64.ActiveCfg = Debug|Any CPU
		{4E057228-71D3-4575-AE50-71E6FC970501}.Debug|x64.Build.0 = Debug|Any CPU
		{4E057228-71D3-4575-AE50-71E6FC970501}.Debug|x86.ActiveCfg = Debug|Any CPU
		{4E057228-71D3-4575-AE50-71E6FC970501}.Debug|x86.Build.0 = Debug|Any CPU
		{4E057228-71D3-4575-AE50-71E6FC970501}.DebugEmulate|Any CPU.ActiveCfg = Debug|Any CPU
		{4E057228-71D3-4575-AE50-71E6FC970501}.DebugEmulate|Any CPU.Build.0 = Debug|Any CPU
		{4E057228-71D3-4575-AE50-71E6FC970501}.DebugEmulate|x64.ActiveCfg = Debug|Any CPU
		{4E057228-71D3-4575-AE50-71E6FC970501}.DebugEmulate|x64.Build.0 = Debug|Any CPU
		{4E057228-71D3-4575-AE50-71E6FC970501}.DebugEmulate|x86.ActiveCfg = Debug|Any CPU
		{4E057228-71D3-4575-AE50-71E6FC970501}.DebugEmulate|x86.Build.0 = Debug|Any CPU
		{4E057228-71D3-4575-AE50-71E6FC970501}.Release|Any CPU.ActiveCfg = Release|Any CPU
		{4E057228-71D3-4575-AE50-71E6FC970501}.Release|Any CPU.Build.0 = Release|Any CPU
		{4E057228-71D3-4575-AE50-71E6FC970501}.Release|x64.ActiveCfg = Release|Any CPU
		{4E057228-71D3-4575-AE50-71E6FC970501}.Release|x64.Build.0 = Release|Any CPU
		{4E057228-71D3-4575-AE50-71E6FC970501}.Release|x86.ActiveCfg = Release|Any CPU
		{4E057228-71D3-4575-AE50-71E6FC970501}.Release|x86.Build.0 = Release|Any CPU
		{4E057228-71D3-4575-AE50-71E6FC970501}.ReleaseEmulate|Any CPU.ActiveCfg = Release|Any CPU
		{4E057228-71D3-4575-AE50-71E6FC970501}.ReleaseEmulate|Any CPU.Build.0 = Release|Any CPU
		{4E057228-71D3-4575-AE50-71E6FC970501}.ReleaseEmulate|x64.ActiveCfg = Release|Any CPU
		{4E057228-71D3-4575-AE50-71E6FC970501}.ReleaseEmulate|x64.Build.0 = Release|Any CPU
		{4E057228-71D3-4575-AE50-71E6FC970501}.ReleaseEmulate|x86.ActiveCfg = Release|Any CPU
		{4E057228-71D3-4575-AE50-71E6FC970501}.ReleaseEmulate|x86.Build.0 = Release|Any CPU
		{DB6986DB-AB61-4BD5-828E-A8EDA0A6F56E}.Debug Fast Build|Any CPU.ActiveCfg = Debug|Any CPU
		{DB6986DB-AB61-4BD5-828E-A8EDA0A6F56E}.Debug Fast Build|Any CPU.Build.0 = Debug|Any CPU
		{DB6986DB-AB61-4BD5-828E-A8EDA0A6F56E}.Debug Fast Build|x64.ActiveCfg = Debug|Any CPU
		{DB6986DB-AB61-4BD5-828E-A8EDA0A6F56E}.Debug Fast Build|x64.Build.0 = Debug|Any CPU
		{DB6986DB-AB61-4BD5-828E-A8EDA0A6F56E}.Debug Fast Build|x86.ActiveCfg = Debug|Any CPU
		{DB6986DB-AB61-4BD5-828E-A8EDA0A6F56E}.Debug Fast Build|x86.Build.0 = Debug|Any CPU
		{DB6986DB-AB61-4BD5-828E-A8EDA0A6F56E}.Debug|Any CPU.ActiveCfg = Debug|Any CPU
		{DB6986DB-AB61-4BD5-828E-A8EDA0A6F56E}.Debug|Any CPU.Build.0 = Debug|Any CPU
		{DB6986DB-AB61-4BD5-828E-A8EDA0A6F56E}.Debug|x64.ActiveCfg = Debug|Any CPU
		{DB6986DB-AB61-4BD5-828E-A8EDA0A6F56E}.Debug|x64.Build.0 = Debug|Any CPU
		{DB6986DB-AB61-4BD5-828E-A8EDA0A6F56E}.Debug|x86.ActiveCfg = Debug|Any CPU
		{DB6986DB-AB61-4BD5-828E-A8EDA0A6F56E}.Debug|x86.Build.0 = Debug|Any CPU
		{DB6986DB-AB61-4BD5-828E-A8EDA0A6F56E}.DebugEmulate|Any CPU.ActiveCfg = Debug|Any CPU
		{DB6986DB-AB61-4BD5-828E-A8EDA0A6F56E}.DebugEmulate|Any CPU.Build.0 = Debug|Any CPU
		{DB6986DB-AB61-4BD5-828E-A8EDA0A6F56E}.DebugEmulate|x64.ActiveCfg = Debug|Any CPU
		{DB6986DB-AB61-4BD5-828E-A8EDA0A6F56E}.DebugEmulate|x64.Build.0 = Debug|Any CPU
		{DB6986DB-AB61-4BD5-828E-A8EDA0A6F56E}.DebugEmulate|x86.ActiveCfg = Debug|Any CPU
		{DB6986DB-AB61-4BD5-828E-A8EDA0A6F56E}.DebugEmulate|x86.Build.0 = Debug|Any CPU
		{DB6986DB-AB61-4BD5-828E-A8EDA0A6F56E}.Release|Any CPU.ActiveCfg = Release|Any CPU
		{DB6986DB-AB61-4BD5-828E-A8EDA0A6F56E}.Release|Any CPU.Build.0 = Release|Any CPU
		{DB6986DB-AB61-4BD5-828E-A8EDA0A6F56E}.Release|x64.ActiveCfg = Release|Any CPU
		{DB6986DB-AB61-4BD5-828E-A8EDA0A6F56E}.Release|x64.Build.0 = Release|Any CPU
		{DB6986DB-AB61-4BD5-828E-A8EDA0A6F56E}.Release|x86.ActiveCfg = Release|Any CPU
		{DB6986DB-AB61-4BD5-828E-A8EDA0A6F56E}.Release|x86.Build.0 = Release|Any CPU
		{DB6986DB-AB61-4BD5-828E-A8EDA0A6F56E}.ReleaseEmulate|Any CPU.ActiveCfg = Release|Any CPU
		{DB6986DB-AB61-4BD5-828E-A8EDA0A6F56E}.ReleaseEmulate|Any CPU.Build.0 = Release|Any CPU
		{DB6986DB-AB61-4BD5-828E-A8EDA0A6F56E}.ReleaseEmulate|x64.ActiveCfg = Release|Any CPU
		{DB6986DB-AB61-4BD5-828E-A8EDA0A6F56E}.ReleaseEmulate|x64.Build.0 = Release|Any CPU
		{DB6986DB-AB61-4BD5-828E-A8EDA0A6F56E}.ReleaseEmulate|x86.ActiveCfg = Release|Any CPU
		{DB6986DB-AB61-4BD5-828E-A8EDA0A6F56E}.ReleaseEmulate|x86.Build.0 = Release|Any CPU
		{679FABCA-E889-428C-A59E-261AF1AF1CF2}.Debug Fast Build|Any CPU.ActiveCfg = Debug|Any CPU
		{679FABCA-E889-428C-A59E-261AF1AF1CF2}.Debug Fast Build|Any CPU.Build.0 = Debug|Any CPU
		{679FABCA-E889-428C-A59E-261AF1AF1CF2}.Debug Fast Build|x64.ActiveCfg = Debug|Any CPU
		{679FABCA-E889-428C-A59E-261AF1AF1CF2}.Debug Fast Build|x64.Build.0 = Debug|Any CPU
		{679FABCA-E889-428C-A59E-261AF1AF1CF2}.Debug Fast Build|x86.ActiveCfg = Debug|Any CPU
		{679FABCA-E889-428C-A59E-261AF1AF1CF2}.Debug Fast Build|x86.Build.0 = Debug|Any CPU
		{679FABCA-E889-428C-A59E-261AF1AF1CF2}.Debug|Any CPU.ActiveCfg = Debug|Any CPU
		{679FABCA-E889-428C-A59E-261AF1AF1CF2}.Debug|Any CPU.Build.0 = Debug|Any CPU
		{679FABCA-E889-428C-A59E-261AF1AF1CF2}.Debug|x64.ActiveCfg = Debug|Any CPU
		{679FABCA-E889-428C-A59E-261AF1AF1CF2}.Debug|x64.Build.0 = Debug|Any CPU
		{679FABCA-E889-428C-A59E-261AF1AF1CF2}.Debug|x86.ActiveCfg = Debug|Any CPU
		{679FABCA-E889-428C-A59E-261AF1AF1CF2}.Debug|x86.Build.0 = Debug|Any CPU
		{679FABCA-E889-428C-A59E-261AF1AF1CF2}.DebugEmulate|Any CPU.ActiveCfg = Debug|Any CPU
		{679FABCA-E889-428C-A59E-261AF1AF1CF2}.DebugEmulate|Any CPU.Build.0 = Debug|Any CPU
		{679FABCA-E889-428C-A59E-261AF1AF1CF2}.DebugEmulate|x64.ActiveCfg = Debug|Any CPU
		{679FABCA-E889-428C-A59E-261AF1AF1CF2}.DebugEmulate|x64.Build.0 = Debug|Any CPU
		{679FABCA-E889-428C-A59E-261AF1AF1CF2}.DebugEmulate|x86.ActiveCfg = Debug|Any CPU
		{679FABCA-E889-428C-A59E-261AF1AF1CF2}.DebugEmulate|x86.Build.0 = Debug|Any CPU
		{679FABCA-E889-428C-A59E-261AF1AF1CF2}.Release|Any CPU.ActiveCfg = Release|Any CPU
		{679FABCA-E889-428C-A59E-261AF1AF1CF2}.Release|Any CPU.Build.0 = Release|Any CPU
		{679FABCA-E889-428C-A59E-261AF1AF1CF2}.Release|x64.ActiveCfg = Release|Any CPU
		{679FABCA-E889-428C-A59E-261AF1AF1CF2}.Release|x64.Build.0 = Release|Any CPU
		{679FABCA-E889-428C-A59E-261AF1AF1CF2}.Release|x86.ActiveCfg = Release|Any CPU
		{679FABCA-E889-428C-A59E-261AF1AF1CF2}.Release|x86.Build.0 = Release|Any CPU
		{679FABCA-E889-428C-A59E-261AF1AF1CF2}.ReleaseEmulate|Any CPU.ActiveCfg = Release|Any CPU
		{679FABCA-E889-428C-A59E-261AF1AF1CF2}.ReleaseEmulate|Any CPU.Build.0 = Release|Any CPU
		{679FABCA-E889-428C-A59E-261AF1AF1CF2}.ReleaseEmulate|x64.ActiveCfg = Release|Any CPU
		{679FABCA-E889-428C-A59E-261AF1AF1CF2}.ReleaseEmulate|x64.Build.0 = Release|Any CPU
		{679FABCA-E889-428C-A59E-261AF1AF1CF2}.ReleaseEmulate|x86.ActiveCfg = Release|Any CPU
		{679FABCA-E889-428C-A59E-261AF1AF1CF2}.ReleaseEmulate|x86.Build.0 = Release|Any CPU
		{BAC34BE4-818E-4F59-821B-FECFD6C797AA}.Debug Fast Build|Any CPU.ActiveCfg = Debug|Any CPU
		{BAC34BE4-818E-4F59-821B-FECFD6C797AA}.Debug Fast Build|Any CPU.Build.0 = Debug|Any CPU
		{BAC34BE4-818E-4F59-821B-FECFD6C797AA}.Debug Fast Build|x64.ActiveCfg = Debug|Any CPU
		{BAC34BE4-818E-4F59-821B-FECFD6C797AA}.Debug Fast Build|x64.Build.0 = Debug|Any CPU
		{BAC34BE4-818E-4F59-821B-FECFD6C797AA}.Debug Fast Build|x86.ActiveCfg = Debug|Any CPU
		{BAC34BE4-818E-4F59-821B-FECFD6C797AA}.Debug Fast Build|x86.Build.0 = Debug|Any CPU
		{BAC34BE4-818E-4F59-821B-FECFD6C797AA}.Debug|Any CPU.ActiveCfg = Debug|Any CPU
		{BAC34BE4-818E-4F59-821B-FECFD6C797AA}.Debug|Any CPU.Build.0 = Debug|Any CPU
		{BAC34BE4-818E-4F59-821B-FECFD6C797AA}.Debug|x64.ActiveCfg = Debug|Any CPU
		{BAC34BE4-818E-4F59-821B-FECFD6C797AA}.Debug|x64.Build.0 = Debug|Any CPU
		{BAC34BE4-818E-4F59-821B-FECFD6C797AA}.Debug|x86.ActiveCfg = Debug|Any CPU
		{BAC34BE4-818E-4F59-821B-FECFD6C797AA}.Debug|x86.Build.0 = Debug|Any CPU
		{BAC34BE4-818E-4F59-821B-FECFD6C797AA}.DebugEmulate|Any CPU.ActiveCfg = Debug|Any CPU
		{BAC34BE4-818E-4F59-821B-FECFD6C797AA}.DebugEmulate|Any CPU.Build.0 = Debug|Any CPU
		{BAC34BE4-818E-4F59-821B-FECFD6C797AA}.DebugEmulate|x64.ActiveCfg = Debug|Any CPU
		{BAC34BE4-818E-4F59-821B-FECFD6C797AA}.DebugEmulate|x64.Build.0 = Debug|Any CPU
		{BAC34BE4-818E-4F59-821B-FECFD6C797AA}.DebugEmulate|x86.ActiveCfg = Debug|Any CPU
		{BAC34BE4-818E-4F59-821B-FECFD6C797AA}.DebugEmulate|x86.Build.0 = Debug|Any CPU
		{BAC34BE4-818E-4F59-821B-FECFD6C797AA}.Release|Any CPU.ActiveCfg = Release|Any CPU
		{BAC34BE4-818E-4F59-821B-FECFD6C797AA}.Release|Any CPU.Build.0 = Release|Any CPU
		{BAC34BE4-818E-4F59-821B-FECFD6C797AA}.Release|x64.ActiveCfg = Release|Any CPU
		{BAC34BE4-818E-4F59-821B-FECFD6C797AA}.Release|x64.Build.0 = Release|Any CPU
		{BAC34BE4-818E-4F59-821B-FECFD6C797AA}.Release|x86.ActiveCfg = Release|Any CPU
		{BAC34BE4-818E-4F59-821B-FECFD6C797AA}.Release|x86.Build.0 = Release|Any CPU
		{BAC34BE4-818E-4F59-821B-FECFD6C797AA}.ReleaseEmulate|Any CPU.ActiveCfg = Release|Any CPU
		{BAC34BE4-818E-4F59-821B-FECFD6C797AA}.ReleaseEmulate|Any CPU.Build.0 = Release|Any CPU
		{BAC34BE4-818E-4F59-821B-FECFD6C797AA}.ReleaseEmulate|x64.ActiveCfg = Release|Any CPU
		{BAC34BE4-818E-4F59-821B-FECFD6C797AA}.ReleaseEmulate|x64.Build.0 = Release|Any CPU
		{BAC34BE4-818E-4F59-821B-FECFD6C797AA}.ReleaseEmulate|x86.ActiveCfg = Release|Any CPU
		{BAC34BE4-818E-4F59-821B-FECFD6C797AA}.ReleaseEmulate|x86.Build.0 = Release|Any CPU
		{32581551-7AE2-4EBD-9030-A1DF0DCF97B5}.Debug Fast Build|Any CPU.ActiveCfg = Debug|Any CPU
		{32581551-7AE2-4EBD-9030-A1DF0DCF97B5}.Debug Fast Build|Any CPU.Build.0 = Debug|Any CPU
		{32581551-7AE2-4EBD-9030-A1DF0DCF97B5}.Debug Fast Build|x64.ActiveCfg = Debug|Any CPU
		{32581551-7AE2-4EBD-9030-A1DF0DCF97B5}.Debug Fast Build|x64.Build.0 = Debug|Any CPU
		{32581551-7AE2-4EBD-9030-A1DF0DCF97B5}.Debug Fast Build|x86.ActiveCfg = Debug|Any CPU
		{32581551-7AE2-4EBD-9030-A1DF0DCF97B5}.Debug Fast Build|x86.Build.0 = Debug|Any CPU
		{32581551-7AE2-4EBD-9030-A1DF0DCF97B5}.Debug|Any CPU.ActiveCfg = Debug|Any CPU
		{32581551-7AE2-4EBD-9030-A1DF0DCF97B5}.Debug|Any CPU.Build.0 = Debug|Any CPU
		{32581551-7AE2-4EBD-9030-A1DF0DCF97B5}.Debug|x64.ActiveCfg = Debug|Any CPU
		{32581551-7AE2-4EBD-9030-A1DF0DCF97B5}.Debug|x64.Build.0 = Debug|Any CPU
		{32581551-7AE2-4EBD-9030-A1DF0DCF97B5}.Debug|x86.ActiveCfg = Debug|Any CPU
		{32581551-7AE2-4EBD-9030-A1DF0DCF97B5}.Debug|x86.Build.0 = Debug|Any CPU
		{32581551-7AE2-4EBD-9030-A1DF0DCF97B5}.DebugEmulate|Any CPU.ActiveCfg = Debug|Any CPU
		{32581551-7AE2-4EBD-9030-A1DF0DCF97B5}.DebugEmulate|Any CPU.Build.0 = Debug|Any CPU
		{32581551-7AE2-4EBD-9030-A1DF0DCF97B5}.DebugEmulate|x64.ActiveCfg = Debug|Any CPU
		{32581551-7AE2-4EBD-9030-A1DF0DCF97B5}.DebugEmulate|x64.Build.0 = Debug|Any CPU
		{32581551-7AE2-4EBD-9030-A1DF0DCF97B5}.DebugEmulate|x86.ActiveCfg = Debug|Any CPU
		{32581551-7AE2-4EBD-9030-A1DF0DCF97B5}.DebugEmulate|x86.Build.0 = Debug|Any CPU
		{32581551-7AE2-4EBD-9030-A1DF0DCF97B5}.Release|Any CPU.ActiveCfg = Release|Any CPU
		{32581551-7AE2-4EBD-9030-A1DF0DCF97B5}.Release|Any CPU.Build.0 = Release|Any CPU
		{32581551-7AE2-4EBD-9030-A1DF0DCF97B5}.Release|x64.ActiveCfg = Release|Any CPU
		{32581551-7AE2-4EBD-9030-A1DF0DCF97B5}.Release|x64.Build.0 = Release|Any CPU
		{32581551-7AE2-4EBD-9030-A1DF0DCF97B5}.Release|x86.ActiveCfg = Release|Any CPU
		{32581551-7AE2-4EBD-9030-A1DF0DCF97B5}.Release|x86.Build.0 = Release|Any CPU
		{32581551-7AE2-4EBD-9030-A1DF0DCF97B5}.ReleaseEmulate|Any CPU.ActiveCfg = Release|Any CPU
		{32581551-7AE2-4EBD-9030-A1DF0DCF97B5}.ReleaseEmulate|Any CPU.Build.0 = Release|Any CPU
		{32581551-7AE2-4EBD-9030-A1DF0DCF97B5}.ReleaseEmulate|x64.ActiveCfg = Release|Any CPU
		{32581551-7AE2-4EBD-9030-A1DF0DCF97B5}.ReleaseEmulate|x64.Build.0 = Release|Any CPU
		{32581551-7AE2-4EBD-9030-A1DF0DCF97B5}.ReleaseEmulate|x86.ActiveCfg = Release|Any CPU
		{32581551-7AE2-4EBD-9030-A1DF0DCF97B5}.ReleaseEmulate|x86.Build.0 = Release|Any CPU
		{D668F94D-AC16-4BD9-85EB-C0376E349040}.Debug Fast Build|Any CPU.ActiveCfg = Release|Win32
		{D668F94D-AC16-4BD9-85EB-C0376E349040}.Debug Fast Build|Any CPU.Build.0 = Release|Win32
		{D668F94D-AC16-4BD9-85EB-C0376E349040}.Debug Fast Build|x64.ActiveCfg = Debug|x64
		{D668F94D-AC16-4BD9-85EB-C0376E349040}.Debug Fast Build|x64.Build.0 = Debug|x64
		{D668F94D-AC16-4BD9-85EB-C0376E349040}.Debug Fast Build|x86.ActiveCfg = Debug|Win32
		{D668F94D-AC16-4BD9-85EB-C0376E349040}.Debug Fast Build|x86.Build.0 = Debug|Win32
		{D668F94D-AC16-4BD9-85EB-C0376E349040}.Debug|Any CPU.ActiveCfg = Debug|Win32
		{D668F94D-AC16-4BD9-85EB-C0376E349040}.Debug|x64.ActiveCfg = Debug|x64
		{D668F94D-AC16-4BD9-85EB-C0376E349040}.Debug|x64.Build.0 = Debug|x64
		{D668F94D-AC16-4BD9-85EB-C0376E349040}.Debug|x86.ActiveCfg = Debug|Win32
		{D668F94D-AC16-4BD9-85EB-C0376E349040}.Debug|x86.Build.0 = Debug|Win32
		{D668F94D-AC16-4BD9-85EB-C0376E349040}.DebugEmulate|Any CPU.ActiveCfg = Release|x64
		{D668F94D-AC16-4BD9-85EB-C0376E349040}.DebugEmulate|Any CPU.Build.0 = Release|x64
		{D668F94D-AC16-4BD9-85EB-C0376E349040}.DebugEmulate|x64.ActiveCfg = Debug|x64
		{D668F94D-AC16-4BD9-85EB-C0376E349040}.DebugEmulate|x64.Build.0 = Debug|x64
		{D668F94D-AC16-4BD9-85EB-C0376E349040}.DebugEmulate|x86.ActiveCfg = Debug|Win32
		{D668F94D-AC16-4BD9-85EB-C0376E349040}.DebugEmulate|x86.Build.0 = Debug|Win32
		{D668F94D-AC16-4BD9-85EB-C0376E349040}.Release|Any CPU.ActiveCfg = Release|Win32
		{D668F94D-AC16-4BD9-85EB-C0376E349040}.Release|x64.ActiveCfg = Release|x64
		{D668F94D-AC16-4BD9-85EB-C0376E349040}.Release|x64.Build.0 = Release|x64
		{D668F94D-AC16-4BD9-85EB-C0376E349040}.Release|x86.ActiveCfg = Release|Win32
		{D668F94D-AC16-4BD9-85EB-C0376E349040}.Release|x86.Build.0 = Release|Win32
		{D668F94D-AC16-4BD9-85EB-C0376E349040}.ReleaseEmulate|Any CPU.ActiveCfg = Release|x64
		{D668F94D-AC16-4BD9-85EB-C0376E349040}.ReleaseEmulate|Any CPU.Build.0 = Release|x64
		{D668F94D-AC16-4BD9-85EB-C0376E349040}.ReleaseEmulate|x64.ActiveCfg = Release|x64
		{D668F94D-AC16-4BD9-85EB-C0376E349040}.ReleaseEmulate|x64.Build.0 = Release|x64
		{D668F94D-AC16-4BD9-85EB-C0376E349040}.ReleaseEmulate|x86.ActiveCfg = Release|Win32
		{D668F94D-AC16-4BD9-85EB-C0376E349040}.ReleaseEmulate|x86.Build.0 = Release|Win32
		{AC6115C1-0CC6-4CA2-BE98-2235A30A9CF5}.Debug Fast Build|Any CPU.ActiveCfg = Release|Win32
		{AC6115C1-0CC6-4CA2-BE98-2235A30A9CF5}.Debug Fast Build|Any CPU.Build.0 = Release|Win32
		{AC6115C1-0CC6-4CA2-BE98-2235A30A9CF5}.Debug Fast Build|x64.ActiveCfg = Debug|x64
		{AC6115C1-0CC6-4CA2-BE98-2235A30A9CF5}.Debug Fast Build|x64.Build.0 = Debug|x64
		{AC6115C1-0CC6-4CA2-BE98-2235A30A9CF5}.Debug Fast Build|x86.ActiveCfg = Debug|Win32
		{AC6115C1-0CC6-4CA2-BE98-2235A30A9CF5}.Debug Fast Build|x86.Build.0 = Debug|Win32
		{AC6115C1-0CC6-4CA2-BE98-2235A30A9CF5}.Debug|Any CPU.ActiveCfg = Debug|Win32
		{AC6115C1-0CC6-4CA2-BE98-2235A30A9CF5}.Debug|x64.ActiveCfg = Debug|x64
		{AC6115C1-0CC6-4CA2-BE98-2235A30A9CF5}.Debug|x64.Build.0 = Debug|x64
		{AC6115C1-0CC6-4CA2-BE98-2235A30A9CF5}.Debug|x86.ActiveCfg = Debug|Win32
		{AC6115C1-0CC6-4CA2-BE98-2235A30A9CF5}.Debug|x86.Build.0 = Debug|Win32
		{AC6115C1-0CC6-4CA2-BE98-2235A30A9CF5}.DebugEmulate|Any CPU.ActiveCfg = Release|x64
		{AC6115C1-0CC6-4CA2-BE98-2235A30A9CF5}.DebugEmulate|Any CPU.Build.0 = Release|x64
		{AC6115C1-0CC6-4CA2-BE98-2235A30A9CF5}.DebugEmulate|x64.ActiveCfg = Debug|x64
		{AC6115C1-0CC6-4CA2-BE98-2235A30A9CF5}.DebugEmulate|x64.Build.0 = Debug|x64
		{AC6115C1-0CC6-4CA2-BE98-2235A30A9CF5}.DebugEmulate|x86.ActiveCfg = Debug|Win32
		{AC6115C1-0CC6-4CA2-BE98-2235A30A9CF5}.DebugEmulate|x86.Build.0 = Debug|Win32
		{AC6115C1-0CC6-4CA2-BE98-2235A30A9CF5}.Release|Any CPU.ActiveCfg = Release|Win32
		{AC6115C1-0CC6-4CA2-BE98-2235A30A9CF5}.Release|x64.ActiveCfg = Release|x64
		{AC6115C1-0CC6-4CA2-BE98-2235A30A9CF5}.Release|x64.Build.0 = Release|x64
		{AC6115C1-0CC6-4CA2-BE98-2235A30A9CF5}.Release|x86.ActiveCfg = Release|Win32
		{AC6115C1-0CC6-4CA2-BE98-2235A30A9CF5}.Release|x86.Build.0 = Release|Win32
		{AC6115C1-0CC6-4CA2-BE98-2235A30A9CF5}.ReleaseEmulate|Any CPU.ActiveCfg = Release|x64
		{AC6115C1-0CC6-4CA2-BE98-2235A30A9CF5}.ReleaseEmulate|Any CPU.Build.0 = Release|x64
		{AC6115C1-0CC6-4CA2-BE98-2235A30A9CF5}.ReleaseEmulate|x64.ActiveCfg = Release|x64
		{AC6115C1-0CC6-4CA2-BE98-2235A30A9CF5}.ReleaseEmulate|x64.Build.0 = Release|x64
		{AC6115C1-0CC6-4CA2-BE98-2235A30A9CF5}.ReleaseEmulate|x86.ActiveCfg = Release|Win32
		{AC6115C1-0CC6-4CA2-BE98-2235A30A9CF5}.ReleaseEmulate|x86.Build.0 = Release|Win32
		{4D1F9EBA-18CB-4E0C-9AFE-5E8155E3E2FB}.Debug Fast Build|Any CPU.ActiveCfg = Release|Win32
		{4D1F9EBA-18CB-4E0C-9AFE-5E8155E3E2FB}.Debug Fast Build|Any CPU.Build.0 = Release|Win32
		{4D1F9EBA-18CB-4E0C-9AFE-5E8155E3E2FB}.Debug Fast Build|x64.ActiveCfg = Debug|x64
		{4D1F9EBA-18CB-4E0C-9AFE-5E8155E3E2FB}.Debug Fast Build|x64.Build.0 = Debug|x64
		{4D1F9EBA-18CB-4E0C-9AFE-5E8155E3E2FB}.Debug Fast Build|x86.ActiveCfg = Debug|Win32
		{4D1F9EBA-18CB-4E0C-9AFE-5E8155E3E2FB}.Debug Fast Build|x86.Build.0 = Debug|Win32
		{4D1F9EBA-18CB-4E0C-9AFE-5E8155E3E2FB}.Debug|Any CPU.ActiveCfg = Debug|Win32
		{4D1F9EBA-18CB-4E0C-9AFE-5E8155E3E2FB}.Debug|x64.ActiveCfg = Debug|x64
		{4D1F9EBA-18CB-4E0C-9AFE-5E8155E3E2FB}.Debug|x64.Build.0 = Debug|x64
		{4D1F9EBA-18CB-4E0C-9AFE-5E8155E3E2FB}.Debug|x86.ActiveCfg = Debug|Win32
		{4D1F9EBA-18CB-4E0C-9AFE-5E8155E3E2FB}.Debug|x86.Build.0 = Debug|Win32
		{4D1F9EBA-18CB-4E0C-9AFE-5E8155E3E2FB}.DebugEmulate|Any CPU.ActiveCfg = Release|x64
		{4D1F9EBA-18CB-4E0C-9AFE-5E8155E3E2FB}.DebugEmulate|Any CPU.Build.0 = Release|x64
		{4D1F9EBA-18CB-4E0C-9AFE-5E8155E3E2FB}.DebugEmulate|x64.ActiveCfg = Debug|x64
		{4D1F9EBA-18CB-4E0C-9AFE-5E8155E3E2FB}.DebugEmulate|x64.Build.0 = Debug|x64
		{4D1F9EBA-18CB-4E0C-9AFE-5E8155E3E2FB}.DebugEmulate|x86.ActiveCfg = Debug|Win32
		{4D1F9EBA-18CB-4E0C-9AFE-5E8155E3E2FB}.DebugEmulate|x86.Build.0 = Debug|Win32
		{4D1F9EBA-18CB-4E0C-9AFE-5E8155E3E2FB}.Release|Any CPU.ActiveCfg = Release|Win32
		{4D1F9EBA-18CB-4E0C-9AFE-5E8155E3E2FB}.Release|x64.ActiveCfg = Release|x64
		{4D1F9EBA-18CB-4E0C-9AFE-5E8155E3E2FB}.Release|x64.Build.0 = Release|x64
		{4D1F9EBA-18CB-4E0C-9AFE-5E8155E3E2FB}.Release|x86.ActiveCfg = Release|Win32
		{4D1F9EBA-18CB-4E0C-9AFE-5E8155E3E2FB}.Release|x86.Build.0 = Release|Win32
		{4D1F9EBA-18CB-4E0C-9AFE-5E8155E3E2FB}.ReleaseEmulate|Any CPU.ActiveCfg = Release|x64
		{4D1F9EBA-18CB-4E0C-9AFE-5E8155E3E2FB}.ReleaseEmulate|Any CPU.Build.0 = Release|x64
		{4D1F9EBA-18CB-4E0C-9AFE-5E8155E3E2FB}.ReleaseEmulate|x64.ActiveCfg = Release|x64
		{4D1F9EBA-18CB-4E0C-9AFE-5E8155E3E2FB}.ReleaseEmulate|x64.Build.0 = Release|x64
		{4D1F9EBA-18CB-4E0C-9AFE-5E8155E3E2FB}.ReleaseEmulate|x86.ActiveCfg = Release|Win32
		{4D1F9EBA-18CB-4E0C-9AFE-5E8155E3E2FB}.ReleaseEmulate|x86.Build.0 = Release|Win32
		{E5CD7DD9-B839-4999-9A35-251458C2A056}.Debug Fast Build|Any CPU.ActiveCfg = Release|Win32
		{E5CD7DD9-B839-4999-9A35-251458C2A056}.Debug Fast Build|Any CPU.Build.0 = Release|Win32
		{E5CD7DD9-B839-4999-9A35-251458C2A056}.Debug Fast Build|x64.ActiveCfg = Debug|x64
		{E5CD7DD9-B839-4999-9A35-251458C2A056}.Debug Fast Build|x64.Build.0 = Debug|x64
		{E5CD7DD9-B839-4999-9A35-251458C2A056}.Debug Fast Build|x86.ActiveCfg = Debug|Win32
		{E5CD7DD9-B839-4999-9A35-251458C2A056}.Debug Fast Build|x86.Build.0 = Debug|Win32
		{E5CD7DD9-B839-4999-9A35-251458C2A056}.Debug|Any CPU.ActiveCfg = Debug|Win32
		{E5CD7DD9-B839-4999-9A35-251458C2A056}.Debug|x64.ActiveCfg = Debug|x64
		{E5CD7DD9-B839-4999-9A35-251458C2A056}.Debug|x64.Build.0 = Debug|x64
		{E5CD7DD9-B839-4999-9A35-251458C2A056}.Debug|x86.ActiveCfg = Debug|Win32
		{E5CD7DD9-B839-4999-9A35-251458C2A056}.Debug|x86.Build.0 = Debug|Win32
		{E5CD7DD9-B839-4999-9A35-251458C2A056}.DebugEmulate|Any CPU.ActiveCfg = Release|x64
		{E5CD7DD9-B839-4999-9A35-251458C2A056}.DebugEmulate|Any CPU.Build.0 = Release|x64
		{E5CD7DD9-B839-4999-9A35-251458C2A056}.DebugEmulate|x64.ActiveCfg = Debug|x64
		{E5CD7DD9-B839-4999-9A35-251458C2A056}.DebugEmulate|x64.Build.0 = Debug|x64
		{E5CD7DD9-B839-4999-9A35-251458C2A056}.DebugEmulate|x86.ActiveCfg = Debug|Win32
		{E5CD7DD9-B839-4999-9A35-251458C2A056}.DebugEmulate|x86.Build.0 = Debug|Win32
		{E5CD7DD9-B839-4999-9A35-251458C2A056}.Release|Any CPU.ActiveCfg = Release|Win32
		{E5CD7DD9-B839-4999-9A35-251458C2A056}.Release|x64.ActiveCfg = Release|x64
		{E5CD7DD9-B839-4999-9A35-251458C2A056}.Release|x64.Build.0 = Release|x64
		{E5CD7DD9-B839-4999-9A35-251458C2A056}.Release|x86.ActiveCfg = Release|Win32
		{E5CD7DD9-B839-4999-9A35-251458C2A056}.Release|x86.Build.0 = Release|Win32
		{E5CD7DD9-B839-4999-9A35-251458C2A056}.ReleaseEmulate|Any CPU.ActiveCfg = Release|x64
		{E5CD7DD9-B839-4999-9A35-251458C2A056}.ReleaseEmulate|Any CPU.Build.0 = Release|x64
		{E5CD7DD9-B839-4999-9A35-251458C2A056}.ReleaseEmulate|x64.ActiveCfg = Release|x64
		{E5CD7DD9-B839-4999-9A35-251458C2A056}.ReleaseEmulate|x64.Build.0 = Release|x64
		{E5CD7DD9-B839-4999-9A35-251458C2A056}.ReleaseEmulate|x86.ActiveCfg = Release|Win32
		{E5CD7DD9-B839-4999-9A35-251458C2A056}.ReleaseEmulate|x86.Build.0 = Release|Win32
		{98CFB1E1-958D-4B94-AFEC-2A54C42B2EA2}.Debug Fast Build|Any CPU.ActiveCfg = Release|Win32
		{98CFB1E1-958D-4B94-AFEC-2A54C42B2EA2}.Debug Fast Build|Any CPU.Build.0 = Release|Win32
		{98CFB1E1-958D-4B94-AFEC-2A54C42B2EA2}.Debug Fast Build|x64.ActiveCfg = Debug|x64
		{98CFB1E1-958D-4B94-AFEC-2A54C42B2EA2}.Debug Fast Build|x64.Build.0 = Debug|x64
		{98CFB1E1-958D-4B94-AFEC-2A54C42B2EA2}.Debug Fast Build|x86.ActiveCfg = Debug|Win32
		{98CFB1E1-958D-4B94-AFEC-2A54C42B2EA2}.Debug Fast Build|x86.Build.0 = Debug|Win32
		{98CFB1E1-958D-4B94-AFEC-2A54C42B2EA2}.Debug|Any CPU.ActiveCfg = Debug|Win32
		{98CFB1E1-958D-4B94-AFEC-2A54C42B2EA2}.Debug|x64.ActiveCfg = Debug|x64
		{98CFB1E1-958D-4B94-AFEC-2A54C42B2EA2}.Debug|x64.Build.0 = Debug|x64
		{98CFB1E1-958D-4B94-AFEC-2A54C42B2EA2}.Debug|x86.ActiveCfg = Debug|Win32
		{98CFB1E1-958D-4B94-AFEC-2A54C42B2EA2}.Debug|x86.Build.0 = Debug|Win32
		{98CFB1E1-958D-4B94-AFEC-2A54C42B2EA2}.DebugEmulate|Any CPU.ActiveCfg = Release|x64
		{98CFB1E1-958D-4B94-AFEC-2A54C42B2EA2}.DebugEmulate|Any CPU.Build.0 = Release|x64
		{98CFB1E1-958D-4B94-AFEC-2A54C42B2EA2}.DebugEmulate|x64.ActiveCfg = Debug|x64
		{98CFB1E1-958D-4B94-AFEC-2A54C42B2EA2}.DebugEmulate|x64.Build.0 = Debug|x64
		{98CFB1E1-958D-4B94-AFEC-2A54C42B2EA2}.DebugEmulate|x86.ActiveCfg = Debug|Win32
		{98CFB1E1-958D-4B94-AFEC-2A54C42B2EA2}.DebugEmulate|x86.Build.0 = Debug|Win32
		{98CFB1E1-958D-4B94-AFEC-2A54C42B2EA2}.Release|Any CPU.ActiveCfg = Release|Win32
		{98CFB1E1-958D-4B94-AFEC-2A54C42B2EA2}.Release|x64.ActiveCfg = Release|x64
		{98CFB1E1-958D-4B94-AFEC-2A54C42B2EA2}.Release|x64.Build.0 = Release|x64
		{98CFB1E1-958D-4B94-AFEC-2A54C42B2EA2}.Release|x86.ActiveCfg = Release|Win32
		{98CFB1E1-958D-4B94-AFEC-2A54C42B2EA2}.Release|x86.Build.0 = Release|Win32
		{98CFB1E1-958D-4B94-AFEC-2A54C42B2EA2}.ReleaseEmulate|Any CPU.ActiveCfg = Release|x64
		{98CFB1E1-958D-4B94-AFEC-2A54C42B2EA2}.ReleaseEmulate|Any CPU.Build.0 = Release|x64
		{98CFB1E1-958D-4B94-AFEC-2A54C42B2EA2}.ReleaseEmulate|x64.ActiveCfg = Release|x64
		{98CFB1E1-958D-4B94-AFEC-2A54C42B2EA2}.ReleaseEmulate|x64.Build.0 = Release|x64
		{98CFB1E1-958D-4B94-AFEC-2A54C42B2EA2}.ReleaseEmulate|x86.ActiveCfg = Release|Win32
		{98CFB1E1-958D-4B94-AFEC-2A54C42B2EA2}.ReleaseEmulate|x86.Build.0 = Release|Win32
		{A1D61032-4937-49A3-984D-BE1F272A02B4}.Debug Fast Build|Any CPU.ActiveCfg = Debug|Any CPU
		{A1D61032-4937-49A3-984D-BE1F272A02B4}.Debug Fast Build|Any CPU.Build.0 = Debug|Any CPU
		{A1D61032-4937-49A3-984D-BE1F272A02B4}.Debug Fast Build|x64.ActiveCfg = Debug|Any CPU
		{A1D61032-4937-49A3-984D-BE1F272A02B4}.Debug Fast Build|x64.Build.0 = Debug|Any CPU
		{A1D61032-4937-49A3-984D-BE1F272A02B4}.Debug Fast Build|x86.ActiveCfg = Debug|Any CPU
		{A1D61032-4937-49A3-984D-BE1F272A02B4}.Debug Fast Build|x86.Build.0 = Debug|Any CPU
		{A1D61032-4937-49A3-984D-BE1F272A02B4}.Debug|Any CPU.ActiveCfg = Debug|Any CPU
		{A1D61032-4937-49A3-984D-BE1F272A02B4}.Debug|Any CPU.Build.0 = Debug|Any CPU
		{A1D61032-4937-49A3-984D-BE1F272A02B4}.Debug|x64.ActiveCfg = Debug|Any CPU
		{A1D61032-4937-49A3-984D-BE1F272A02B4}.Debug|x64.Build.0 = Debug|Any CPU
		{A1D61032-4937-49A3-984D-BE1F272A02B4}.Debug|x86.ActiveCfg = Debug|Any CPU
		{A1D61032-4937-49A3-984D-BE1F272A02B4}.Debug|x86.Build.0 = Debug|Any CPU
		{A1D61032-4937-49A3-984D-BE1F272A02B4}.DebugEmulate|Any CPU.ActiveCfg = Debug|Any CPU
		{A1D61032-4937-49A3-984D-BE1F272A02B4}.DebugEmulate|Any CPU.Build.0 = Debug|Any CPU
		{A1D61032-4937-49A3-984D-BE1F272A02B4}.DebugEmulate|x64.ActiveCfg = Debug|Any CPU
		{A1D61032-4937-49A3-984D-BE1F272A02B4}.DebugEmulate|x64.Build.0 = Debug|Any CPU
		{A1D61032-4937-49A3-984D-BE1F272A02B4}.DebugEmulate|x86.ActiveCfg = Debug|Any CPU
		{A1D61032-4937-49A3-984D-BE1F272A02B4}.DebugEmulate|x86.Build.0 = Debug|Any CPU
		{A1D61032-4937-49A3-984D-BE1F272A02B4}.Release|Any CPU.ActiveCfg = Release|Any CPU
		{A1D61032-4937-49A3-984D-BE1F272A02B4}.Release|Any CPU.Build.0 = Release|Any CPU
		{A1D61032-4937-49A3-984D-BE1F272A02B4}.Release|x64.ActiveCfg = Release|Any CPU
		{A1D61032-4937-49A3-984D-BE1F272A02B4}.Release|x64.Build.0 = Release|Any CPU
		{A1D61032-4937-49A3-984D-BE1F272A02B4}.Release|x86.ActiveCfg = Release|Any CPU
		{A1D61032-4937-49A3-984D-BE1F272A02B4}.Release|x86.Build.0 = Release|Any CPU
		{A1D61032-4937-49A3-984D-BE1F272A02B4}.ReleaseEmulate|Any CPU.ActiveCfg = Release|Any CPU
		{A1D61032-4937-49A3-984D-BE1F272A02B4}.ReleaseEmulate|Any CPU.Build.0 = Release|Any CPU
		{A1D61032-4937-49A3-984D-BE1F272A02B4}.ReleaseEmulate|x64.ActiveCfg = Release|Any CPU
		{A1D61032-4937-49A3-984D-BE1F272A02B4}.ReleaseEmulate|x64.Build.0 = Release|Any CPU
		{A1D61032-4937-49A3-984D-BE1F272A02B4}.ReleaseEmulate|x86.ActiveCfg = Release|Any CPU
		{A1D61032-4937-49A3-984D-BE1F272A02B4}.ReleaseEmulate|x86.Build.0 = Release|Any CPU
		{CDDE1746-1F52-4DD0-8E7D-9B785E71EABD}.Debug Fast Build|Any CPU.ActiveCfg = Debug Fast Build|Any CPU
		{CDDE1746-1F52-4DD0-8E7D-9B785E71EABD}.Debug Fast Build|Any CPU.Build.0 = Debug Fast Build|Any CPU
		{CDDE1746-1F52-4DD0-8E7D-9B785E71EABD}.Debug Fast Build|x64.ActiveCfg = Debug Fast Build|Any CPU
		{CDDE1746-1F52-4DD0-8E7D-9B785E71EABD}.Debug Fast Build|x64.Build.0 = Debug Fast Build|Any CPU
		{CDDE1746-1F52-4DD0-8E7D-9B785E71EABD}.Debug Fast Build|x86.ActiveCfg = Debug Fast Build|Any CPU
		{CDDE1746-1F52-4DD0-8E7D-9B785E71EABD}.Debug Fast Build|x86.Build.0 = Debug Fast Build|Any CPU
		{CDDE1746-1F52-4DD0-8E7D-9B785E71EABD}.Debug|Any CPU.ActiveCfg = Debug|Any CPU
		{CDDE1746-1F52-4DD0-8E7D-9B785E71EABD}.Debug|Any CPU.Build.0 = Debug|Any CPU
		{CDDE1746-1F52-4DD0-8E7D-9B785E71EABD}.Debug|x64.ActiveCfg = Debug|Any CPU
		{CDDE1746-1F52-4DD0-8E7D-9B785E71EABD}.Debug|x64.Build.0 = Debug|Any CPU
		{CDDE1746-1F52-4DD0-8E7D-9B785E71EABD}.Debug|x86.ActiveCfg = Debug|Any CPU
		{CDDE1746-1F52-4DD0-8E7D-9B785E71EABD}.Debug|x86.Build.0 = Debug|Any CPU
		{CDDE1746-1F52-4DD0-8E7D-9B785E71EABD}.DebugEmulate|Any CPU.ActiveCfg = Debug Fast Build|Any CPU
		{CDDE1746-1F52-4DD0-8E7D-9B785E71EABD}.DebugEmulate|Any CPU.Build.0 = Debug Fast Build|Any CPU
		{CDDE1746-1F52-4DD0-8E7D-9B785E71EABD}.DebugEmulate|x64.ActiveCfg = Debug Fast Build|Any CPU
		{CDDE1746-1F52-4DD0-8E7D-9B785E71EABD}.DebugEmulate|x64.Build.0 = Debug Fast Build|Any CPU
		{CDDE1746-1F52-4DD0-8E7D-9B785E71EABD}.DebugEmulate|x86.ActiveCfg = Debug Fast Build|Any CPU
		{CDDE1746-1F52-4DD0-8E7D-9B785E71EABD}.DebugEmulate|x86.Build.0 = Debug Fast Build|Any CPU
		{CDDE1746-1F52-4DD0-8E7D-9B785E71EABD}.Release|Any CPU.ActiveCfg = Release|Any CPU
		{CDDE1746-1F52-4DD0-8E7D-9B785E71EABD}.Release|Any CPU.Build.0 = Release|Any CPU
		{CDDE1746-1F52-4DD0-8E7D-9B785E71EABD}.Release|x64.ActiveCfg = Release|Any CPU
		{CDDE1746-1F52-4DD0-8E7D-9B785E71EABD}.Release|x64.Build.0 = Release|Any CPU
		{CDDE1746-1F52-4DD0-8E7D-9B785E71EABD}.Release|x86.ActiveCfg = Release|Any CPU
		{CDDE1746-1F52-4DD0-8E7D-9B785E71EABD}.Release|x86.Build.0 = Release|Any CPU
		{CDDE1746-1F52-4DD0-8E7D-9B785E71EABD}.ReleaseEmulate|Any CPU.ActiveCfg = Release|Any CPU
		{CDDE1746-1F52-4DD0-8E7D-9B785E71EABD}.ReleaseEmulate|Any CPU.Build.0 = Release|Any CPU
		{CDDE1746-1F52-4DD0-8E7D-9B785E71EABD}.ReleaseEmulate|x64.ActiveCfg = Release|Any CPU
		{CDDE1746-1F52-4DD0-8E7D-9B785E71EABD}.ReleaseEmulate|x64.Build.0 = Release|Any CPU
		{CDDE1746-1F52-4DD0-8E7D-9B785E71EABD}.ReleaseEmulate|x86.ActiveCfg = Release|Any CPU
		{CDDE1746-1F52-4DD0-8E7D-9B785E71EABD}.ReleaseEmulate|x86.Build.0 = Release|Any CPU
		{43B01B30-0F7A-4764-A20B-791B936E6276}.Debug Fast Build|Any CPU.ActiveCfg = Debug|Any CPU
		{43B01B30-0F7A-4764-A20B-791B936E6276}.Debug Fast Build|Any CPU.Build.0 = Debug|Any CPU
		{43B01B30-0F7A-4764-A20B-791B936E6276}.Debug Fast Build|x64.ActiveCfg = Debug|Any CPU
		{43B01B30-0F7A-4764-A20B-791B936E6276}.Debug Fast Build|x64.Build.0 = Debug|Any CPU
		{43B01B30-0F7A-4764-A20B-791B936E6276}.Debug Fast Build|x86.ActiveCfg = Debug|Any CPU
		{43B01B30-0F7A-4764-A20B-791B936E6276}.Debug Fast Build|x86.Build.0 = Debug|Any CPU
		{43B01B30-0F7A-4764-A20B-791B936E6276}.Debug|Any CPU.ActiveCfg = Debug|Any CPU
		{43B01B30-0F7A-4764-A20B-791B936E6276}.Debug|Any CPU.Build.0 = Debug|Any CPU
		{43B01B30-0F7A-4764-A20B-791B936E6276}.Debug|x64.ActiveCfg = Debug|Any CPU
		{43B01B30-0F7A-4764-A20B-791B936E6276}.Debug|x64.Build.0 = Debug|Any CPU
		{43B01B30-0F7A-4764-A20B-791B936E6276}.Debug|x86.ActiveCfg = Debug|Any CPU
		{43B01B30-0F7A-4764-A20B-791B936E6276}.Debug|x86.Build.0 = Debug|Any CPU
		{43B01B30-0F7A-4764-A20B-791B936E6276}.DebugEmulate|Any CPU.ActiveCfg = Debug|Any CPU
		{43B01B30-0F7A-4764-A20B-791B936E6276}.DebugEmulate|Any CPU.Build.0 = Debug|Any CPU
		{43B01B30-0F7A-4764-A20B-791B936E6276}.DebugEmulate|x64.ActiveCfg = Debug|Any CPU
		{43B01B30-0F7A-4764-A20B-791B936E6276}.DebugEmulate|x64.Build.0 = Debug|Any CPU
		{43B01B30-0F7A-4764-A20B-791B936E6276}.DebugEmulate|x86.ActiveCfg = Debug|Any CPU
		{43B01B30-0F7A-4764-A20B-791B936E6276}.DebugEmulate|x86.Build.0 = Debug|Any CPU
		{43B01B30-0F7A-4764-A20B-791B936E6276}.Release|Any CPU.ActiveCfg = Release|Any CPU
		{43B01B30-0F7A-4764-A20B-791B936E6276}.Release|Any CPU.Build.0 = Release|Any CPU
		{43B01B30-0F7A-4764-A20B-791B936E6276}.Release|x64.ActiveCfg = Release|Any CPU
		{43B01B30-0F7A-4764-A20B-791B936E6276}.Release|x64.Build.0 = Release|Any CPU
		{43B01B30-0F7A-4764-A20B-791B936E6276}.Release|x86.ActiveCfg = Release|Any CPU
		{43B01B30-0F7A-4764-A20B-791B936E6276}.Release|x86.Build.0 = Release|Any CPU
		{43B01B30-0F7A-4764-A20B-791B936E6276}.ReleaseEmulate|Any CPU.ActiveCfg = Release|Any CPU
		{43B01B30-0F7A-4764-A20B-791B936E6276}.ReleaseEmulate|Any CPU.Build.0 = Release|Any CPU
		{43B01B30-0F7A-4764-A20B-791B936E6276}.ReleaseEmulate|x64.ActiveCfg = Release|Any CPU
		{43B01B30-0F7A-4764-A20B-791B936E6276}.ReleaseEmulate|x64.Build.0 = Release|Any CPU
		{43B01B30-0F7A-4764-A20B-791B936E6276}.ReleaseEmulate|x86.ActiveCfg = Release|Any CPU
		{43B01B30-0F7A-4764-A20B-791B936E6276}.ReleaseEmulate|x86.Build.0 = Release|Any CPU
		{B5DEC207-98E9-47E2-8CB7-C088DA80E377}.Debug Fast Build|Any CPU.ActiveCfg = Release|x64
		{B5DEC207-98E9-47E2-8CB7-C088DA80E377}.Debug Fast Build|Any CPU.Build.0 = Release|x64
		{B5DEC207-98E9-47E2-8CB7-C088DA80E377}.Debug Fast Build|x64.ActiveCfg = Debug|x64
		{B5DEC207-98E9-47E2-8CB7-C088DA80E377}.Debug Fast Build|x64.Build.0 = Debug|x64
		{B5DEC207-98E9-47E2-8CB7-C088DA80E377}.Debug Fast Build|x86.ActiveCfg = Debug|Win32
		{B5DEC207-98E9-47E2-8CB7-C088DA80E377}.Debug Fast Build|x86.Build.0 = Debug|Win32
		{B5DEC207-98E9-47E2-8CB7-C088DA80E377}.Debug|Any CPU.ActiveCfg = Debug|Win32
		{B5DEC207-98E9-47E2-8CB7-C088DA80E377}.Debug|x64.ActiveCfg = Debug|x64
		{B5DEC207-98E9-47E2-8CB7-C088DA80E377}.Debug|x64.Build.0 = Debug|x64
		{B5DEC207-98E9-47E2-8CB7-C088DA80E377}.Debug|x86.ActiveCfg = Debug|Win32
		{B5DEC207-98E9-47E2-8CB7-C088DA80E377}.Debug|x86.Build.0 = Debug|Win32
		{B5DEC207-98E9-47E2-8CB7-C088DA80E377}.DebugEmulate|Any CPU.ActiveCfg = Release|x64
		{B5DEC207-98E9-47E2-8CB7-C088DA80E377}.DebugEmulate|Any CPU.Build.0 = Release|x64
		{B5DEC207-98E9-47E2-8CB7-C088DA80E377}.DebugEmulate|x64.ActiveCfg = Debug|x64
		{B5DEC207-98E9-47E2-8CB7-C088DA80E377}.DebugEmulate|x64.Build.0 = Debug|x64
		{B5DEC207-98E9-47E2-8CB7-C088DA80E377}.DebugEmulate|x86.ActiveCfg = Debug|Win32
		{B5DEC207-98E9-47E2-8CB7-C088DA80E377}.DebugEmulate|x86.Build.0 = Debug|Win32
		{B5DEC207-98E9-47E2-8CB7-C088DA80E377}.Release|Any CPU.ActiveCfg = Release|Win32
		{B5DEC207-98E9-47E2-8CB7-C088DA80E377}.Release|x64.ActiveCfg = Release|x64
		{B5DEC207-98E9-47E2-8CB7-C088DA80E377}.Release|x64.Build.0 = Release|x64
		{B5DEC207-98E9-47E2-8CB7-C088DA80E377}.Release|x86.ActiveCfg = Release|Win32
		{B5DEC207-98E9-47E2-8CB7-C088DA80E377}.Release|x86.Build.0 = Release|Win32
		{B5DEC207-98E9-47E2-8CB7-C088DA80E377}.ReleaseEmulate|Any CPU.ActiveCfg = Release|x64
		{B5DEC207-98E9-47E2-8CB7-C088DA80E377}.ReleaseEmulate|Any CPU.Build.0 = Release|x64
		{B5DEC207-98E9-47E2-8CB7-C088DA80E377}.ReleaseEmulate|x64.ActiveCfg = Release|x64
		{B5DEC207-98E9-47E2-8CB7-C088DA80E377}.ReleaseEmulate|x64.Build.0 = Release|x64
		{B5DEC207-98E9-47E2-8CB7-C088DA80E377}.ReleaseEmulate|x86.ActiveCfg = Release|Win32
		{B5DEC207-98E9-47E2-8CB7-C088DA80E377}.ReleaseEmulate|x86.Build.0 = Release|Win32
		{378AEDC3-98F6-45FC-889C-9229C7C45C43}.Debug Fast Build|Any CPU.ActiveCfg = Release|x64
		{378AEDC3-98F6-45FC-889C-9229C7C45C43}.Debug Fast Build|Any CPU.Build.0 = Release|x64
		{378AEDC3-98F6-45FC-889C-9229C7C45C43}.Debug Fast Build|x64.ActiveCfg = Debug|x64
		{378AEDC3-98F6-45FC-889C-9229C7C45C43}.Debug Fast Build|x64.Build.0 = Debug|x64
		{378AEDC3-98F6-45FC-889C-9229C7C45C43}.Debug Fast Build|x86.ActiveCfg = Debug|Win32
		{378AEDC3-98F6-45FC-889C-9229C7C45C43}.Debug Fast Build|x86.Build.0 = Debug|Win32
		{378AEDC3-98F6-45FC-889C-9229C7C45C43}.Debug|Any CPU.ActiveCfg = Debug|Win32
		{378AEDC3-98F6-45FC-889C-9229C7C45C43}.Debug|x64.ActiveCfg = Debug|x64
		{378AEDC3-98F6-45FC-889C-9229C7C45C43}.Debug|x64.Build.0 = Debug|x64
		{378AEDC3-98F6-45FC-889C-9229C7C45C43}.Debug|x86.ActiveCfg = Debug|Win32
		{378AEDC3-98F6-45FC-889C-9229C7C45C43}.Debug|x86.Build.0 = Debug|Win32
		{378AEDC3-98F6-45FC-889C-9229C7C45C43}.DebugEmulate|Any CPU.ActiveCfg = Release|x64
		{378AEDC3-98F6-45FC-889C-9229C7C45C43}.DebugEmulate|Any CPU.Build.0 = Release|x64
		{378AEDC3-98F6-45FC-889C-9229C7C45C43}.DebugEmulate|x64.ActiveCfg = Debug|x64
		{378AEDC3-98F6-45FC-889C-9229C7C45C43}.DebugEmulate|x64.Build.0 = Debug|x64
		{378AEDC3-98F6-45FC-889C-9229C7C45C43}.DebugEmulate|x86.ActiveCfg = Debug|Win32
		{378AEDC3-98F6-45FC-889C-9229C7C45C43}.DebugEmulate|x86.Build.0 = Debug|Win32
		{378AEDC3-98F6-45FC-889C-9229C7C45C43}.Release|Any CPU.ActiveCfg = Release|Win32
		{378AEDC3-98F6-45FC-889C-9229C7C45C43}.Release|x64.ActiveCfg = Release|x64
		{378AEDC3-98F6-45FC-889C-9229C7C45C43}.Release|x64.Build.0 = Release|x64
		{378AEDC3-98F6-45FC-889C-9229C7C45C43}.Release|x86.ActiveCfg = Release|Win32
		{378AEDC3-98F6-45FC-889C-9229C7C45C43}.Release|x86.Build.0 = Release|Win32
		{378AEDC3-98F6-45FC-889C-9229C7C45C43}.ReleaseEmulate|Any CPU.ActiveCfg = Release|x64
		{378AEDC3-98F6-45FC-889C-9229C7C45C43}.ReleaseEmulate|Any CPU.Build.0 = Release|x64
		{378AEDC3-98F6-45FC-889C-9229C7C45C43}.ReleaseEmulate|x64.ActiveCfg = Release|x64
		{378AEDC3-98F6-45FC-889C-9229C7C45C43}.ReleaseEmulate|x64.Build.0 = Release|x64
		{378AEDC3-98F6-45FC-889C-9229C7C45C43}.ReleaseEmulate|x86.ActiveCfg = Release|Win32
		{378AEDC3-98F6-45FC-889C-9229C7C45C43}.ReleaseEmulate|x86.Build.0 = Release|Win32
		{90D3D033-D990-4F55-892A-E532257C4903}.Debug Fast Build|Any CPU.ActiveCfg = Release|x64
		{90D3D033-D990-4F55-892A-E532257C4903}.Debug Fast Build|Any CPU.Build.0 = Release|x64
		{90D3D033-D990-4F55-892A-E532257C4903}.Debug Fast Build|x64.ActiveCfg = Debug|x64
		{90D3D033-D990-4F55-892A-E532257C4903}.Debug Fast Build|x64.Build.0 = Debug|x64
		{90D3D033-D990-4F55-892A-E532257C4903}.Debug Fast Build|x86.ActiveCfg = Debug|Win32
		{90D3D033-D990-4F55-892A-E532257C4903}.Debug Fast Build|x86.Build.0 = Debug|Win32
		{90D3D033-D990-4F55-892A-E532257C4903}.Debug|Any CPU.ActiveCfg = Debug|Win32
		{90D3D033-D990-4F55-892A-E532257C4903}.Debug|x64.ActiveCfg = Debug|x64
		{90D3D033-D990-4F55-892A-E532257C4903}.Debug|x64.Build.0 = Debug|x64
		{90D3D033-D990-4F55-892A-E532257C4903}.Debug|x86.ActiveCfg = Debug|Win32
		{90D3D033-D990-4F55-892A-E532257C4903}.Debug|x86.Build.0 = Debug|Win32
		{90D3D033-D990-4F55-892A-E532257C4903}.DebugEmulate|Any CPU.ActiveCfg = Release|x64
		{90D3D033-D990-4F55-892A-E532257C4903}.DebugEmulate|Any CPU.Build.0 = Release|x64
		{90D3D033-D990-4F55-892A-E532257C4903}.DebugEmulate|x64.ActiveCfg = Debug|x64
		{90D3D033-D990-4F55-892A-E532257C4903}.DebugEmulate|x64.Build.0 = Debug|x64
		{90D3D033-D990-4F55-892A-E532257C4903}.DebugEmulate|x86.ActiveCfg = Debug|Win32
		{90D3D033-D990-4F55-892A-E532257C4903}.DebugEmulate|x86.Build.0 = Debug|Win32
		{90D3D033-D990-4F55-892A-E532257C4903}.Release|Any CPU.ActiveCfg = Release|Win32
		{90D3D033-D990-4F55-892A-E532257C4903}.Release|x64.ActiveCfg = Release|x64
		{90D3D033-D990-4F55-892A-E532257C4903}.Release|x64.Build.0 = Release|x64
		{90D3D033-D990-4F55-892A-E532257C4903}.Release|x86.ActiveCfg = Release|Win32
		{90D3D033-D990-4F55-892A-E532257C4903}.Release|x86.Build.0 = Release|Win32
		{90D3D033-D990-4F55-892A-E532257C4903}.ReleaseEmulate|Any CPU.ActiveCfg = Release|x64
		{90D3D033-D990-4F55-892A-E532257C4903}.ReleaseEmulate|Any CPU.Build.0 = Release|x64
		{90D3D033-D990-4F55-892A-E532257C4903}.ReleaseEmulate|x64.ActiveCfg = Release|x64
		{90D3D033-D990-4F55-892A-E532257C4903}.ReleaseEmulate|x64.Build.0 = Release|x64
		{90D3D033-D990-4F55-892A-E532257C4903}.ReleaseEmulate|x86.ActiveCfg = Release|Win32
		{90D3D033-D990-4F55-892A-E532257C4903}.ReleaseEmulate|x86.Build.0 = Release|Win32
	EndGlobalSection
	GlobalSection(SolutionProperties) = preSolution
		HideSolutionNode = FALSE
	EndGlobalSection
	GlobalSection(ExtensibilityGlobals) = postSolution
		SolutionGuid = {E6182AD6-EE63-48BD-894C-E8533DEFD0A3}
	EndGlobalSection
EndGlobal
