
Microsoft Visual Studio Solution File, Format Version 12.00
# Visual Studio Version 16
VisualStudioVersion = 16.0.30907.101
MinimumVisualStudioVersion = 10.0.40219.1
Project("{FAE04EC0-301F-11D3-BF4B-00C04F79EFBC}") = "MyCaffe.basecode", "MyCaffe.basecode\MyCaffe.basecode.csproj", "{D168418C-CDCC-4F5B-BF55-292A38CC2429}"
EndProject
Project("{FAE04EC0-301F-11D3-BF4B-00C04F79EFBC}") = "MyCaffe", "MyCaffe\MyCaffe.csproj", "{28E430DD-BD6C-4A4C-9454-1EEB4AD63A5C}"
EndProject
Project("{FAE04EC0-301F-11D3-BF4B-00C04F79EFBC}") = "MyCaffe.app", "MyCaffe.app\MyCaffe.app.csproj", "{6A464F09-774E-4E57-8738-1BB6DD9F8770}"
EndProject
Project("{FAE04EC0-301F-11D3-BF4B-00C04F79EFBC}") = "MyCaffe.test.automated", "MyCaffe.test.automated\MyCaffe.test.automated.csproj", "{D0DA9B0F-9A50-496E-B6E9-CAC5786BBED8}"
EndProject
Project("{FAE04EC0-301F-11D3-BF4B-00C04F79EFBC}") = "MyCaffe.test", "MyCaffe.test\MyCaffe.test.csproj", "{FDBAF1BB-FC96-4D73-BA1A-A2B0CEA75DA1}"
EndProject
Project("{FAE04EC0-301F-11D3-BF4B-00C04F79EFBC}") = "MyCaffe.extras", "MyCaffe.extras\MyCaffe.extras.csproj", "{9376B860-9896-40E5-8746-8ABF1F0A8B3D}"
EndProject
Project("{FAE04EC0-301F-11D3-BF4B-00C04F79EFBC}") = "MyCaffe.gym", "MyCaffe.gym\MyCaffe.gym.csproj", "{C14BEDC8-FF66-4118-BE66-675F26BE7EE0}"
EndProject
Project("{FAE04EC0-301F-11D3-BF4B-00C04F79EFBC}") = "MyCaffe.trainers", "MyCaffe.trainers\MyCaffe.trainers.csproj", "{53A34E74-35E4-4E30-888B-CD0705A41BFE}"
EndProject
Project("{FAE04EC0-301F-11D3-BF4B-00C04F79EFBC}") = "MyCaffe.db.image", "MyCaffe.db.image\MyCaffe.db.image.csproj", "{642BA581-59CB-445E-8D7D-81E67B748D77}"
EndProject
Project("{FAE04EC0-301F-11D3-BF4B-00C04F79EFBC}") = "MyCaffe.db.stream", "MyCaffe.db.stream\MyCaffe.db.stream.csproj", "{3CA0B2F3-0EFE-4324-B1D2-FE4A15AC72E8}"
EndProject
Project("{FAE04EC0-301F-11D3-BF4B-00C04F79EFBC}") = "MyCaffe.preprocessor", "MyCaffe.preprocessor\MyCaffe.preprocessor.csproj", "{94643CDE-A28A-473B-8A50-86471A47D33D}"
EndProject
Project("{FAE04EC0-301F-11D3-BF4B-00C04F79EFBC}") = "MyCaffe.layers.alpha", "MyCaffe.layers.alpha\MyCaffe.layers.alpha.csproj", "{4E057228-71D3-4575-AE50-71E6FC970501}"
EndProject
Project("{FAE04EC0-301F-11D3-BF4B-00C04F79EFBC}") = "MyCaffe.layers.beta", "MyCaffe.layers.beta\MyCaffe.layers.beta.csproj", "{DB6986DB-AB61-4BD5-828E-A8EDA0A6F56E}"
EndProject
Project("{FAE04EC0-301F-11D3-BF4B-00C04F79EFBC}") = "MyCaffe.layers.ssd", "MyCaffe.layers.ssd\MyCaffe.layers.ssd.csproj", "{679FABCA-E889-428C-A59E-261AF1AF1CF2}"
EndProject
Project("{FAE04EC0-301F-11D3-BF4B-00C04F79EFBC}") = "MyCaffe.layers.nt", "MyCaffe.layers.nt\MyCaffe.layers.nt.csproj", "{BAC34BE4-818E-4F59-821B-FECFD6C797AA}"
EndProject
Project("{FAE04EC0-301F-11D3-BF4B-00C04F79EFBC}") = "MyCaffe.model", "MyCaffe.model\MyCaffe.model.csproj", "{32581551-7AE2-4EBD-9030-A1DF0DCF97B5}"
EndProject
Project("{FAE04EC0-301F-11D3-BF4B-00C04F79EFBC}") = "MyCaffe.data", "MyCaffe.data\MyCaffe.data.csproj", "{A1D61032-4937-49A3-984D-BE1F272A02B4}"
EndProject
Project("{FAE04EC0-301F-11D3-BF4B-00C04F79EFBC}") = "MyCaffe.gym.python", "MyCaffe.gym.python\MyCaffe.gym.python.csproj", "{CDDE1746-1F52-4DD0-8E7D-9B785E71EABD}"
EndProject
Project("{FAE04EC0-301F-11D3-BF4B-00C04F79EFBC}") = "MyCaffe.converter.onnx", "MyCaffe.converter.onnx\MyCaffe.converter.onnx.csproj", "{43B01B30-0F7A-4764-A20B-791B936E6276}"
	ProjectSection(ProjectDependencies) = postProject
		{D168418C-CDCC-4F5B-BF55-292A38CC2429} = {D168418C-CDCC-4F5B-BF55-292A38CC2429}
	EndProjectSection
EndProject
Project("{8BC9CEB8-8B4A-11D0-8D11-00A0C91BC942}") = "CudaDnnDll.11.1", "CudaDnnDLL\CudaDnnDll.11.1.vcxproj", "{F36B6456-D769-4E3C-A34F-59196064997F}"
EndProject
Project("{8BC9CEB8-8B4A-11D0-8D11-00A0C91BC942}") = "CudaPreProcDll.11.1", "CudaPreProcDLL\CudaPreProcDll.11.1.vcxproj", "{B4B07C5C-1EA3-4BB0-986D-DC26329F0D8D}"
EndProject
Project("{8BC9CEB8-8B4A-11D0-8D11-00A0C91BC942}") = "MyCaffe.test.extension.11.1", "MyCaffe.test.extension\MyCaffe.test.extension.11.1.vcxproj", "{123D82E4-F6C7-49EB-A35B-14BE2AC05397}"
EndProject
Project("{8BC9CEB8-8B4A-11D0-8D11-00A0C91BC942}") = "CudaDnnDll.11.2", "CudaDnnDLL\CudaDnnDll.11.2.vcxproj", "{B7781D52-2324-44E8-94BF-5CB50665602C}"
EndProject
Project("{8BC9CEB8-8B4A-11D0-8D11-00A0C91BC942}") = "CudaPreProcDll.11.2", "CudaPreProcDLL\CudaPreProcDll.11.2.vcxproj", "{81A8703B-9E56-45E0-9C8C-553F35A7A6BC}"
EndProject
Project("{8BC9CEB8-8B4A-11D0-8D11-00A0C91BC942}") = "MyCaffe.test.extension.11.2", "MyCaffe.test.extension\MyCaffe.test.extension.11.2.vcxproj", "{9A00CF3D-3442-4ECD-8756-6011D9C77AC3}"
EndProject
Project("{8BC9CEB8-8B4A-11D0-8D11-00A0C91BC942}") = "CudaDnnDll.11.3", "CudaDnnDLL\CudaDnnDll.11.3.vcxproj", "{6628E588-51F4-4623-8B35-1AF4F822A436}"
EndProject
Project("{8BC9CEB8-8B4A-11D0-8D11-00A0C91BC942}") = "CudaPreProcDll.11.3", "CudaPreProcDLL\CudaPreProcDll.11.3.vcxproj", "{B3A741B1-2D85-407F-8952-76553111595D}"
EndProject
Project("{8BC9CEB8-8B4A-11D0-8D11-00A0C91BC942}") = "MyCaffe.test.extension.11.3", "MyCaffe.test.extension\MyCaffe.test.extension.11.3.vcxproj", "{B4D190AD-B15C-4FDE-A903-36E1BA3DEE59}"
EndProject
Project("{FAE04EC0-301F-11D3-BF4B-00C04F79EFBC}") = "MyCaffe.layers.hdf5", "MyCaffe.layers.hdf5\MyCaffe.layers.hdf5.csproj", "{03210D74-58AE-488E-98D5-7851DECA448A}"
EndProject
Global
	GlobalSection(SolutionConfigurationPlatforms) = preSolution
		Debug|Any CPU = Debug|Any CPU
		Debug|x64 = Debug|x64
		Debug|x86 = Debug|x86
		Release|Any CPU = Release|Any CPU
		Release|x64 = Release|x64
		Release|x86 = Release|x86
	EndGlobalSection
	GlobalSection(ProjectConfigurationPlatforms) = postSolution
		{D168418C-CDCC-4F5B-BF55-292A38CC2429}.Debug|Any CPU.ActiveCfg = Debug|Any CPU
		{D168418C-CDCC-4F5B-BF55-292A38CC2429}.Debug|Any CPU.Build.0 = Debug|Any CPU
		{D168418C-CDCC-4F5B-BF55-292A38CC2429}.Debug|x64.ActiveCfg = Debug|Any CPU
		{D168418C-CDCC-4F5B-BF55-292A38CC2429}.Debug|x64.Build.0 = Debug|Any CPU
		{D168418C-CDCC-4F5B-BF55-292A38CC2429}.Debug|x86.ActiveCfg = Debug|Any CPU
		{D168418C-CDCC-4F5B-BF55-292A38CC2429}.Debug|x86.Build.0 = Debug|Any CPU
		{D168418C-CDCC-4F5B-BF55-292A38CC2429}.Release|Any CPU.ActiveCfg = Release|Any CPU
		{D168418C-CDCC-4F5B-BF55-292A38CC2429}.Release|Any CPU.Build.0 = Release|Any CPU
		{D168418C-CDCC-4F5B-BF55-292A38CC2429}.Release|x64.ActiveCfg = Release|Any CPU
		{D168418C-CDCC-4F5B-BF55-292A38CC2429}.Release|x64.Build.0 = Release|Any CPU
		{D168418C-CDCC-4F5B-BF55-292A38CC2429}.Release|x86.ActiveCfg = Release|Any CPU
		{D168418C-CDCC-4F5B-BF55-292A38CC2429}.Release|x86.Build.0 = Release|Any CPU
		{28E430DD-BD6C-4A4C-9454-1EEB4AD63A5C}.Debug|Any CPU.ActiveCfg = Debug|Any CPU
		{28E430DD-BD6C-4A4C-9454-1EEB4AD63A5C}.Debug|Any CPU.Build.0 = Debug|Any CPU
		{28E430DD-BD6C-4A4C-9454-1EEB4AD63A5C}.Debug|x64.ActiveCfg = Debug|Any CPU
		{28E430DD-BD6C-4A4C-9454-1EEB4AD63A5C}.Debug|x64.Build.0 = Debug|Any CPU
		{28E430DD-BD6C-4A4C-9454-1EEB4AD63A5C}.Debug|x86.ActiveCfg = Debug|Any CPU
		{28E430DD-BD6C-4A4C-9454-1EEB4AD63A5C}.Debug|x86.Build.0 = Debug|Any CPU
		{28E430DD-BD6C-4A4C-9454-1EEB4AD63A5C}.Release|Any CPU.ActiveCfg = Release|Any CPU
		{28E430DD-BD6C-4A4C-9454-1EEB4AD63A5C}.Release|Any CPU.Build.0 = Release|Any CPU
		{28E430DD-BD6C-4A4C-9454-1EEB4AD63A5C}.Release|x64.ActiveCfg = Release|Any CPU
		{28E430DD-BD6C-4A4C-9454-1EEB4AD63A5C}.Release|x64.Build.0 = Release|Any CPU
		{28E430DD-BD6C-4A4C-9454-1EEB4AD63A5C}.Release|x86.ActiveCfg = Release|Any CPU
		{28E430DD-BD6C-4A4C-9454-1EEB4AD63A5C}.Release|x86.Build.0 = Release|Any CPU
		{6A464F09-774E-4E57-8738-1BB6DD9F8770}.Debug|Any CPU.ActiveCfg = Debug|Any CPU
		{6A464F09-774E-4E57-8738-1BB6DD9F8770}.Debug|Any CPU.Build.0 = Debug|Any CPU
		{6A464F09-774E-4E57-8738-1BB6DD9F8770}.Debug|x64.ActiveCfg = Debug|Any CPU
		{6A464F09-774E-4E57-8738-1BB6DD9F8770}.Debug|x64.Build.0 = Debug|Any CPU
		{6A464F09-774E-4E57-8738-1BB6DD9F8770}.Debug|x86.ActiveCfg = Debug|Any CPU
		{6A464F09-774E-4E57-8738-1BB6DD9F8770}.Debug|x86.Build.0 = Debug|Any CPU
		{6A464F09-774E-4E57-8738-1BB6DD9F8770}.Release|Any CPU.ActiveCfg = Release|Any CPU
		{6A464F09-774E-4E57-8738-1BB6DD9F8770}.Release|Any CPU.Build.0 = Release|Any CPU
		{6A464F09-774E-4E57-8738-1BB6DD9F8770}.Release|x64.ActiveCfg = Release|Any CPU
		{6A464F09-774E-4E57-8738-1BB6DD9F8770}.Release|x64.Build.0 = Release|Any CPU
		{6A464F09-774E-4E57-8738-1BB6DD9F8770}.Release|x86.ActiveCfg = Release|Any CPU
		{6A464F09-774E-4E57-8738-1BB6DD9F8770}.Release|x86.Build.0 = Release|Any CPU
		{D0DA9B0F-9A50-496E-B6E9-CAC5786BBED8}.Debug|Any CPU.ActiveCfg = Debug|Any CPU
		{D0DA9B0F-9A50-496E-B6E9-CAC5786BBED8}.Debug|Any CPU.Build.0 = Debug|Any CPU
		{D0DA9B0F-9A50-496E-B6E9-CAC5786BBED8}.Debug|x64.ActiveCfg = Debug|Any CPU
		{D0DA9B0F-9A50-496E-B6E9-CAC5786BBED8}.Debug|x64.Build.0 = Debug|Any CPU
		{D0DA9B0F-9A50-496E-B6E9-CAC5786BBED8}.Debug|x86.ActiveCfg = Debug|Any CPU
		{D0DA9B0F-9A50-496E-B6E9-CAC5786BBED8}.Debug|x86.Build.0 = Debug|Any CPU
		{D0DA9B0F-9A50-496E-B6E9-CAC5786BBED8}.Release|Any CPU.ActiveCfg = Release|Any CPU
		{D0DA9B0F-9A50-496E-B6E9-CAC5786BBED8}.Release|Any CPU.Build.0 = Release|Any CPU
		{D0DA9B0F-9A50-496E-B6E9-CAC5786BBED8}.Release|x64.ActiveCfg = Release|Any CPU
		{D0DA9B0F-9A50-496E-B6E9-CAC5786BBED8}.Release|x64.Build.0 = Release|Any CPU
		{D0DA9B0F-9A50-496E-B6E9-CAC5786BBED8}.Release|x86.ActiveCfg = Release|Any CPU
		{D0DA9B0F-9A50-496E-B6E9-CAC5786BBED8}.Release|x86.Build.0 = Release|Any CPU
		{FDBAF1BB-FC96-4D73-BA1A-A2B0CEA75DA1}.Debug|Any CPU.ActiveCfg = Debug|Any CPU
		{FDBAF1BB-FC96-4D73-BA1A-A2B0CEA75DA1}.Debug|Any CPU.Build.0 = Debug|Any CPU
		{FDBAF1BB-FC96-4D73-BA1A-A2B0CEA75DA1}.Debug|x64.ActiveCfg = Debug|Any CPU
		{FDBAF1BB-FC96-4D73-BA1A-A2B0CEA75DA1}.Debug|x64.Build.0 = Debug|Any CPU
		{FDBAF1BB-FC96-4D73-BA1A-A2B0CEA75DA1}.Debug|x86.ActiveCfg = Debug|Any CPU
		{FDBAF1BB-FC96-4D73-BA1A-A2B0CEA75DA1}.Debug|x86.Build.0 = Debug|Any CPU
		{FDBAF1BB-FC96-4D73-BA1A-A2B0CEA75DA1}.Release|Any CPU.ActiveCfg = Release|Any CPU
		{FDBAF1BB-FC96-4D73-BA1A-A2B0CEA75DA1}.Release|Any CPU.Build.0 = Release|Any CPU
		{FDBAF1BB-FC96-4D73-BA1A-A2B0CEA75DA1}.Release|x64.ActiveCfg = Release|Any CPU
		{FDBAF1BB-FC96-4D73-BA1A-A2B0CEA75DA1}.Release|x64.Build.0 = Release|Any CPU
		{FDBAF1BB-FC96-4D73-BA1A-A2B0CEA75DA1}.Release|x86.ActiveCfg = Release|Any CPU
		{FDBAF1BB-FC96-4D73-BA1A-A2B0CEA75DA1}.Release|x86.Build.0 = Release|Any CPU
		{9376B860-9896-40E5-8746-8ABF1F0A8B3D}.Debug|Any CPU.ActiveCfg = Debug|Any CPU
		{9376B860-9896-40E5-8746-8ABF1F0A8B3D}.Debug|Any CPU.Build.0 = Debug|Any CPU
		{9376B860-9896-40E5-8746-8ABF1F0A8B3D}.Debug|x64.ActiveCfg = Debug|Any CPU
		{9376B860-9896-40E5-8746-8ABF1F0A8B3D}.Debug|x64.Build.0 = Debug|Any CPU
		{9376B860-9896-40E5-8746-8ABF1F0A8B3D}.Debug|x86.ActiveCfg = Debug|Any CPU
		{9376B860-9896-40E5-8746-8ABF1F0A8B3D}.Debug|x86.Build.0 = Debug|Any CPU
		{9376B860-9896-40E5-8746-8ABF1F0A8B3D}.Release|Any CPU.ActiveCfg = Release|Any CPU
		{9376B860-9896-40E5-8746-8ABF1F0A8B3D}.Release|Any CPU.Build.0 = Release|Any CPU
		{9376B860-9896-40E5-8746-8ABF1F0A8B3D}.Release|x64.ActiveCfg = Release|Any CPU
		{9376B860-9896-40E5-8746-8ABF1F0A8B3D}.Release|x64.Build.0 = Release|Any CPU
		{9376B860-9896-40E5-8746-8ABF1F0A8B3D}.Release|x86.ActiveCfg = Release|Any CPU
		{9376B860-9896-40E5-8746-8ABF1F0A8B3D}.Release|x86.Build.0 = Release|Any CPU
		{C14BEDC8-FF66-4118-BE66-675F26BE7EE0}.Debug|Any CPU.ActiveCfg = Debug|Any CPU
		{C14BEDC8-FF66-4118-BE66-675F26BE7EE0}.Debug|Any CPU.Build.0 = Debug|Any CPU
		{C14BEDC8-FF66-4118-BE66-675F26BE7EE0}.Debug|x64.ActiveCfg = Debug|Any CPU
		{C14BEDC8-FF66-4118-BE66-675F26BE7EE0}.Debug|x64.Build.0 = Debug|Any CPU
		{C14BEDC8-FF66-4118-BE66-675F26BE7EE0}.Debug|x86.ActiveCfg = Debug|Any CPU
		{C14BEDC8-FF66-4118-BE66-675F26BE7EE0}.Debug|x86.Build.0 = Debug|Any CPU
		{C14BEDC8-FF66-4118-BE66-675F26BE7EE0}.Release|Any CPU.ActiveCfg = Release|Any CPU
		{C14BEDC8-FF66-4118-BE66-675F26BE7EE0}.Release|Any CPU.Build.0 = Release|Any CPU
		{C14BEDC8-FF66-4118-BE66-675F26BE7EE0}.Release|x64.ActiveCfg = Release|Any CPU
		{C14BEDC8-FF66-4118-BE66-675F26BE7EE0}.Release|x64.Build.0 = Release|Any CPU
		{C14BEDC8-FF66-4118-BE66-675F26BE7EE0}.Release|x86.ActiveCfg = Release|Any CPU
		{C14BEDC8-FF66-4118-BE66-675F26BE7EE0}.Release|x86.Build.0 = Release|Any CPU
		{53A34E74-35E4-4E30-888B-CD0705A41BFE}.Debug|Any CPU.ActiveCfg = Debug|Any CPU
		{53A34E74-35E4-4E30-888B-CD0705A41BFE}.Debug|Any CPU.Build.0 = Debug|Any CPU
		{53A34E74-35E4-4E30-888B-CD0705A41BFE}.Debug|x64.ActiveCfg = Debug|Any CPU
		{53A34E74-35E4-4E30-888B-CD0705A41BFE}.Debug|x64.Build.0 = Debug|Any CPU
		{53A34E74-35E4-4E30-888B-CD0705A41BFE}.Debug|x86.ActiveCfg = Debug|Any CPU
		{53A34E74-35E4-4E30-888B-CD0705A41BFE}.Debug|x86.Build.0 = Debug|Any CPU
		{53A34E74-35E4-4E30-888B-CD0705A41BFE}.Release|Any CPU.ActiveCfg = Release|Any CPU
		{53A34E74-35E4-4E30-888B-CD0705A41BFE}.Release|Any CPU.Build.0 = Release|Any CPU
		{53A34E74-35E4-4E30-888B-CD0705A41BFE}.Release|x64.ActiveCfg = Release|Any CPU
		{53A34E74-35E4-4E30-888B-CD0705A41BFE}.Release|x64.Build.0 = Release|Any CPU
		{53A34E74-35E4-4E30-888B-CD0705A41BFE}.Release|x86.ActiveCfg = Release|Any CPU
		{53A34E74-35E4-4E30-888B-CD0705A41BFE}.Release|x86.Build.0 = Release|Any CPU
		{642BA581-59CB-445E-8D7D-81E67B748D77}.Debug|Any CPU.ActiveCfg = Debug|Any CPU
		{642BA581-59CB-445E-8D7D-81E67B748D77}.Debug|Any CPU.Build.0 = Debug|Any CPU
		{642BA581-59CB-445E-8D7D-81E67B748D77}.Debug|x64.ActiveCfg = Debug|Any CPU
		{642BA581-59CB-445E-8D7D-81E67B748D77}.Debug|x64.Build.0 = Debug|Any CPU
		{642BA581-59CB-445E-8D7D-81E67B748D77}.Debug|x86.ActiveCfg = Debug|Any CPU
		{642BA581-59CB-445E-8D7D-81E67B748D77}.Debug|x86.Build.0 = Debug|Any CPU
		{642BA581-59CB-445E-8D7D-81E67B748D77}.Release|Any CPU.ActiveCfg = Release|Any CPU
		{642BA581-59CB-445E-8D7D-81E67B748D77}.Release|Any CPU.Build.0 = Release|Any CPU
		{642BA581-59CB-445E-8D7D-81E67B748D77}.Release|x64.ActiveCfg = Release|Any CPU
		{642BA581-59CB-445E-8D7D-81E67B748D77}.Release|x64.Build.0 = Release|Any CPU
		{642BA581-59CB-445E-8D7D-81E67B748D77}.Release|x86.ActiveCfg = Release|Any CPU
		{642BA581-59CB-445E-8D7D-81E67B748D77}.Release|x86.Build.0 = Release|Any CPU
		{3CA0B2F3-0EFE-4324-B1D2-FE4A15AC72E8}.Debug|Any CPU.ActiveCfg = Debug|Any CPU
		{3CA0B2F3-0EFE-4324-B1D2-FE4A15AC72E8}.Debug|Any CPU.Build.0 = Debug|Any CPU
		{3CA0B2F3-0EFE-4324-B1D2-FE4A15AC72E8}.Debug|x64.ActiveCfg = Debug|Any CPU
		{3CA0B2F3-0EFE-4324-B1D2-FE4A15AC72E8}.Debug|x64.Build.0 = Debug|Any CPU
		{3CA0B2F3-0EFE-4324-B1D2-FE4A15AC72E8}.Debug|x86.ActiveCfg = Debug|Any CPU
		{3CA0B2F3-0EFE-4324-B1D2-FE4A15AC72E8}.Debug|x86.Build.0 = Debug|Any CPU
		{3CA0B2F3-0EFE-4324-B1D2-FE4A15AC72E8}.Release|Any CPU.ActiveCfg = Release|Any CPU
		{3CA0B2F3-0EFE-4324-B1D2-FE4A15AC72E8}.Release|Any CPU.Build.0 = Release|Any CPU
		{3CA0B2F3-0EFE-4324-B1D2-FE4A15AC72E8}.Release|x64.ActiveCfg = Release|Any CPU
		{3CA0B2F3-0EFE-4324-B1D2-FE4A15AC72E8}.Release|x64.Build.0 = Release|Any CPU
		{3CA0B2F3-0EFE-4324-B1D2-FE4A15AC72E8}.Release|x86.ActiveCfg = Release|Any CPU
		{3CA0B2F3-0EFE-4324-B1D2-FE4A15AC72E8}.Release|x86.Build.0 = Release|Any CPU
		{94643CDE-A28A-473B-8A50-86471A47D33D}.Debug|Any CPU.ActiveCfg = Debug|Any CPU
		{94643CDE-A28A-473B-8A50-86471A47D33D}.Debug|Any CPU.Build.0 = Debug|Any CPU
		{94643CDE-A28A-473B-8A50-86471A47D33D}.Debug|x64.ActiveCfg = Debug|Any CPU
		{94643CDE-A28A-473B-8A50-86471A47D33D}.Debug|x64.Build.0 = Debug|Any CPU
		{94643CDE-A28A-473B-8A50-86471A47D33D}.Debug|x86.ActiveCfg = Debug|Any CPU
		{94643CDE-A28A-473B-8A50-86471A47D33D}.Debug|x86.Build.0 = Debug|Any CPU
		{94643CDE-A28A-473B-8A50-86471A47D33D}.Release|Any CPU.ActiveCfg = Release|Any CPU
		{94643CDE-A28A-473B-8A50-86471A47D33D}.Release|Any CPU.Build.0 = Release|Any CPU
		{94643CDE-A28A-473B-8A50-86471A47D33D}.Release|x64.ActiveCfg = Release|Any CPU
		{94643CDE-A28A-473B-8A50-86471A47D33D}.Release|x64.Build.0 = Release|Any CPU
		{94643CDE-A28A-473B-8A50-86471A47D33D}.Release|x86.ActiveCfg = Release|Any CPU
		{94643CDE-A28A-473B-8A50-86471A47D33D}.Release|x86.Build.0 = Release|Any CPU
		{4E057228-71D3-4575-AE50-71E6FC970501}.Debug|Any CPU.ActiveCfg = Debug|Any CPU
		{4E057228-71D3-4575-AE50-71E6FC970501}.Debug|Any CPU.Build.0 = Debug|Any CPU
		{4E057228-71D3-4575-AE50-71E6FC970501}.Debug|x64.ActiveCfg = Debug|Any CPU
		{4E057228-71D3-4575-AE50-71E6FC970501}.Debug|x64.Build.0 = Debug|Any CPU
		{4E057228-71D3-4575-AE50-71E6FC970501}.Debug|x86.ActiveCfg = Debug|Any CPU
		{4E057228-71D3-4575-AE50-71E6FC970501}.Debug|x86.Build.0 = Debug|Any CPU
		{4E057228-71D3-4575-AE50-71E6FC970501}.Release|Any CPU.ActiveCfg = Release|Any CPU
		{4E057228-71D3-4575-AE50-71E6FC970501}.Release|Any CPU.Build.0 = Release|Any CPU
		{4E057228-71D3-4575-AE50-71E6FC970501}.Release|x64.ActiveCfg = Release|Any CPU
		{4E057228-71D3-4575-AE50-71E6FC970501}.Release|x64.Build.0 = Release|Any CPU
		{4E057228-71D3-4575-AE50-71E6FC970501}.Release|x86.ActiveCfg = Release|Any CPU
		{4E057228-71D3-4575-AE50-71E6FC970501}.Release|x86.Build.0 = Release|Any CPU
		{DB6986DB-AB61-4BD5-828E-A8EDA0A6F56E}.Debug|Any CPU.ActiveCfg = Debug|Any CPU
		{DB6986DB-AB61-4BD5-828E-A8EDA0A6F56E}.Debug|Any CPU.Build.0 = Debug|Any CPU
		{DB6986DB-AB61-4BD5-828E-A8EDA0A6F56E}.Debug|x64.ActiveCfg = Debug|Any CPU
		{DB6986DB-AB61-4BD5-828E-A8EDA0A6F56E}.Debug|x64.Build.0 = Debug|Any CPU
		{DB6986DB-AB61-4BD5-828E-A8EDA0A6F56E}.Debug|x86.ActiveCfg = Debug|Any CPU
		{DB6986DB-AB61-4BD5-828E-A8EDA0A6F56E}.Debug|x86.Build.0 = Debug|Any CPU
		{DB6986DB-AB61-4BD5-828E-A8EDA0A6F56E}.Release|Any CPU.ActiveCfg = Release|Any CPU
		{DB6986DB-AB61-4BD5-828E-A8EDA0A6F56E}.Release|Any CPU.Build.0 = Release|Any CPU
		{DB6986DB-AB61-4BD5-828E-A8EDA0A6F56E}.Release|x64.ActiveCfg = Release|Any CPU
		{DB6986DB-AB61-4BD5-828E-A8EDA0A6F56E}.Release|x64.Build.0 = Release|Any CPU
		{DB6986DB-AB61-4BD5-828E-A8EDA0A6F56E}.Release|x86.ActiveCfg = Release|Any CPU
		{DB6986DB-AB61-4BD5-828E-A8EDA0A6F56E}.Release|x86.Build.0 = Release|Any CPU
		{679FABCA-E889-428C-A59E-261AF1AF1CF2}.Debug|Any CPU.ActiveCfg = Debug|Any CPU
		{679FABCA-E889-428C-A59E-261AF1AF1CF2}.Debug|Any CPU.Build.0 = Debug|Any CPU
		{679FABCA-E889-428C-A59E-261AF1AF1CF2}.Debug|x64.ActiveCfg = Debug|Any CPU
		{679FABCA-E889-428C-A59E-261AF1AF1CF2}.Debug|x64.Build.0 = Debug|Any CPU
		{679FABCA-E889-428C-A59E-261AF1AF1CF2}.Debug|x86.ActiveCfg = Debug|Any CPU
		{679FABCA-E889-428C-A59E-261AF1AF1CF2}.Debug|x86.Build.0 = Debug|Any CPU
		{679FABCA-E889-428C-A59E-261AF1AF1CF2}.Release|Any CPU.ActiveCfg = Release|Any CPU
		{679FABCA-E889-428C-A59E-261AF1AF1CF2}.Release|Any CPU.Build.0 = Release|Any CPU
		{679FABCA-E889-428C-A59E-261AF1AF1CF2}.Release|x64.ActiveCfg = Release|Any CPU
		{679FABCA-E889-428C-A59E-261AF1AF1CF2}.Release|x64.Build.0 = Release|Any CPU
		{679FABCA-E889-428C-A59E-261AF1AF1CF2}.Release|x86.ActiveCfg = Release|Any CPU
		{679FABCA-E889-428C-A59E-261AF1AF1CF2}.Release|x86.Build.0 = Release|Any CPU
		{BAC34BE4-818E-4F59-821B-FECFD6C797AA}.Debug|Any CPU.ActiveCfg = Debug|Any CPU
		{BAC34BE4-818E-4F59-821B-FECFD6C797AA}.Debug|Any CPU.Build.0 = Debug|Any CPU
		{BAC34BE4-818E-4F59-821B-FECFD6C797AA}.Debug|x64.ActiveCfg = Debug|Any CPU
		{BAC34BE4-818E-4F59-821B-FECFD6C797AA}.Debug|x64.Build.0 = Debug|Any CPU
		{BAC34BE4-818E-4F59-821B-FECFD6C797AA}.Debug|x86.ActiveCfg = Debug|Any CPU
		{BAC34BE4-818E-4F59-821B-FECFD6C797AA}.Debug|x86.Build.0 = Debug|Any CPU
		{BAC34BE4-818E-4F59-821B-FECFD6C797AA}.Release|Any CPU.ActiveCfg = Release|Any CPU
		{BAC34BE4-818E-4F59-821B-FECFD6C797AA}.Release|Any CPU.Build.0 = Release|Any CPU
		{BAC34BE4-818E-4F59-821B-FECFD6C797AA}.Release|x64.ActiveCfg = Release|Any CPU
		{BAC34BE4-818E-4F59-821B-FECFD6C797AA}.Release|x64.Build.0 = Release|Any CPU
		{BAC34BE4-818E-4F59-821B-FECFD6C797AA}.Release|x86.ActiveCfg = Release|Any CPU
		{BAC34BE4-818E-4F59-821B-FECFD6C797AA}.Release|x86.Build.0 = Release|Any CPU
		{32581551-7AE2-4EBD-9030-A1DF0DCF97B5}.Debug|Any CPU.ActiveCfg = Debug|Any CPU
		{32581551-7AE2-4EBD-9030-A1DF0DCF97B5}.Debug|Any CPU.Build.0 = Debug|Any CPU
		{32581551-7AE2-4EBD-9030-A1DF0DCF97B5}.Debug|x64.ActiveCfg = Debug|Any CPU
		{32581551-7AE2-4EBD-9030-A1DF0DCF97B5}.Debug|x64.Build.0 = Debug|Any CPU
		{32581551-7AE2-4EBD-9030-A1DF0DCF97B5}.Debug|x86.ActiveCfg = Debug|Any CPU
		{32581551-7AE2-4EBD-9030-A1DF0DCF97B5}.Debug|x86.Build.0 = Debug|Any CPU
		{32581551-7AE2-4EBD-9030-A1DF0DCF97B5}.Release|Any CPU.ActiveCfg = Release|Any CPU
		{32581551-7AE2-4EBD-9030-A1DF0DCF97B5}.Release|Any CPU.Build.0 = Release|Any CPU
		{32581551-7AE2-4EBD-9030-A1DF0DCF97B5}.Release|x64.ActiveCfg = Release|Any CPU
		{32581551-7AE2-4EBD-9030-A1DF0DCF97B5}.Release|x64.Build.0 = Release|Any CPU
		{32581551-7AE2-4EBD-9030-A1DF0DCF97B5}.Release|x86.ActiveCfg = Release|Any CPU
		{32581551-7AE2-4EBD-9030-A1DF0DCF97B5}.Release|x86.Build.0 = Release|Any CPU
		{A1D61032-4937-49A3-984D-BE1F272A02B4}.Debug|Any CPU.ActiveCfg = Debug|Any CPU
		{A1D61032-4937-49A3-984D-BE1F272A02B4}.Debug|Any CPU.Build.0 = Debug|Any CPU
		{A1D61032-4937-49A3-984D-BE1F272A02B4}.Debug|x64.ActiveCfg = Debug|Any CPU
		{A1D61032-4937-49A3-984D-BE1F272A02B4}.Debug|x64.Build.0 = Debug|Any CPU
		{A1D61032-4937-49A3-984D-BE1F272A02B4}.Debug|x86.ActiveCfg = Debug|Any CPU
		{A1D61032-4937-49A3-984D-BE1F272A02B4}.Debug|x86.Build.0 = Debug|Any CPU
		{A1D61032-4937-49A3-984D-BE1F272A02B4}.Release|Any CPU.ActiveCfg = Release|Any CPU
		{A1D61032-4937-49A3-984D-BE1F272A02B4}.Release|Any CPU.Build.0 = Release|Any CPU
		{A1D61032-4937-49A3-984D-BE1F272A02B4}.Release|x64.ActiveCfg = Release|Any CPU
		{A1D61032-4937-49A3-984D-BE1F272A02B4}.Release|x64.Build.0 = Release|Any CPU
		{A1D61032-4937-49A3-984D-BE1F272A02B4}.Release|x86.ActiveCfg = Release|Any CPU
		{A1D61032-4937-49A3-984D-BE1F272A02B4}.Release|x86.Build.0 = Release|Any CPU
		{CDDE1746-1F52-4DD0-8E7D-9B785E71EABD}.Debug|Any CPU.ActiveCfg = Debug|Any CPU
		{CDDE1746-1F52-4DD0-8E7D-9B785E71EABD}.Debug|Any CPU.Build.0 = Debug|Any CPU
		{CDDE1746-1F52-4DD0-8E7D-9B785E71EABD}.Debug|x64.ActiveCfg = Debug|Any CPU
		{CDDE1746-1F52-4DD0-8E7D-9B785E71EABD}.Debug|x64.Build.0 = Debug|Any CPU
		{CDDE1746-1F52-4DD0-8E7D-9B785E71EABD}.Debug|x86.ActiveCfg = Debug|Any CPU
		{CDDE1746-1F52-4DD0-8E7D-9B785E71EABD}.Debug|x86.Build.0 = Debug|Any CPU
		{CDDE1746-1F52-4DD0-8E7D-9B785E71EABD}.Release|Any CPU.ActiveCfg = Release|Any CPU
		{CDDE1746-1F52-4DD0-8E7D-9B785E71EABD}.Release|Any CPU.Build.0 = Release|Any CPU
		{CDDE1746-1F52-4DD0-8E7D-9B785E71EABD}.Release|x64.ActiveCfg = Release|Any CPU
		{CDDE1746-1F52-4DD0-8E7D-9B785E71EABD}.Release|x64.Build.0 = Release|Any CPU
		{CDDE1746-1F52-4DD0-8E7D-9B785E71EABD}.Release|x86.ActiveCfg = Release|Any CPU
		{CDDE1746-1F52-4DD0-8E7D-9B785E71EABD}.Release|x86.Build.0 = Release|Any CPU
		{43B01B30-0F7A-4764-A20B-791B936E6276}.Debug|Any CPU.ActiveCfg = Debug|Any CPU
		{43B01B30-0F7A-4764-A20B-791B936E6276}.Debug|Any CPU.Build.0 = Debug|Any CPU
		{43B01B30-0F7A-4764-A20B-791B936E6276}.Debug|x64.ActiveCfg = Debug|Any CPU
		{43B01B30-0F7A-4764-A20B-791B936E6276}.Debug|x64.Build.0 = Debug|Any CPU
		{43B01B30-0F7A-4764-A20B-791B936E6276}.Debug|x86.ActiveCfg = Debug|Any CPU
		{43B01B30-0F7A-4764-A20B-791B936E6276}.Debug|x86.Build.0 = Debug|Any CPU
		{43B01B30-0F7A-4764-A20B-791B936E6276}.Release|Any CPU.ActiveCfg = Release|Any CPU
		{43B01B30-0F7A-4764-A20B-791B936E6276}.Release|Any CPU.Build.0 = Release|Any CPU
		{43B01B30-0F7A-4764-A20B-791B936E6276}.Release|x64.ActiveCfg = Release|Any CPU
		{43B01B30-0F7A-4764-A20B-791B936E6276}.Release|x64.Build.0 = Release|Any CPU
		{43B01B30-0F7A-4764-A20B-791B936E6276}.Release|x86.ActiveCfg = Release|Any CPU
		{43B01B30-0F7A-4764-A20B-791B936E6276}.Release|x86.Build.0 = Release|Any CPU
		{F36B6456-D769-4E3C-A34F-59196064997F}.Debug|Any CPU.ActiveCfg = Debug|Win32
		{F36B6456-D769-4E3C-A34F-59196064997F}.Debug|x64.ActiveCfg = Debug|x64
		{F36B6456-D769-4E3C-A34F-59196064997F}.Debug|x64.Build.0 = Debug|x64
		{F36B6456-D769-4E3C-A34F-59196064997F}.Debug|x86.ActiveCfg = Debug|Win32
		{F36B6456-D769-4E3C-A34F-59196064997F}.Debug|x86.Build.0 = Debug|Win32
		{F36B6456-D769-4E3C-A34F-59196064997F}.Release|Any CPU.ActiveCfg = Release|Win32
		{F36B6456-D769-4E3C-A34F-59196064997F}.Release|x64.ActiveCfg = Release|x64
		{F36B6456-D769-4E3C-A34F-59196064997F}.Release|x64.Build.0 = Release|x64
		{F36B6456-D769-4E3C-A34F-59196064997F}.Release|x86.ActiveCfg = Release|Win32
		{F36B6456-D769-4E3C-A34F-59196064997F}.Release|x86.Build.0 = Release|Win32
		{B4B07C5C-1EA3-4BB0-986D-DC26329F0D8D}.Debug|Any CPU.ActiveCfg = Debug|Win32
		{B4B07C5C-1EA3-4BB0-986D-DC26329F0D8D}.Debug|x64.ActiveCfg = Debug|x64
		{B4B07C5C-1EA3-4BB0-986D-DC26329F0D8D}.Debug|x64.Build.0 = Debug|x64
		{B4B07C5C-1EA3-4BB0-986D-DC26329F0D8D}.Debug|x86.ActiveCfg = Debug|Win32
		{B4B07C5C-1EA3-4BB0-986D-DC26329F0D8D}.Debug|x86.Build.0 = Debug|Win32
		{B4B07C5C-1EA3-4BB0-986D-DC26329F0D8D}.Release|Any CPU.ActiveCfg = Release|Win32
		{B4B07C5C-1EA3-4BB0-986D-DC26329F0D8D}.Release|x64.ActiveCfg = Release|x64
		{B4B07C5C-1EA3-4BB0-986D-DC26329F0D8D}.Release|x64.Build.0 = Release|x64
		{B4B07C5C-1EA3-4BB0-986D-DC26329F0D8D}.Release|x86.ActiveCfg = Release|Win32
		{B4B07C5C-1EA3-4BB0-986D-DC26329F0D8D}.Release|x86.Build.0 = Release|Win32
		{123D82E4-F6C7-49EB-A35B-14BE2AC05397}.Debug|Any CPU.ActiveCfg = Debug|Win32
		{123D82E4-F6C7-49EB-A35B-14BE2AC05397}.Debug|x64.ActiveCfg = Debug|x64
		{123D82E4-F6C7-49EB-A35B-14BE2AC05397}.Debug|x64.Build.0 = Debug|x64
		{123D82E4-F6C7-49EB-A35B-14BE2AC05397}.Debug|x86.ActiveCfg = Debug|Win32
		{123D82E4-F6C7-49EB-A35B-14BE2AC05397}.Debug|x86.Build.0 = Debug|Win32
		{123D82E4-F6C7-49EB-A35B-14BE2AC05397}.Release|Any CPU.ActiveCfg = Release|Win32
		{123D82E4-F6C7-49EB-A35B-14BE2AC05397}.Release|x64.ActiveCfg = Release|x64
		{123D82E4-F6C7-49EB-A35B-14BE2AC05397}.Release|x64.Build.0 = Release|x64
		{123D82E4-F6C7-49EB-A35B-14BE2AC05397}.Release|x86.ActiveCfg = Release|Win32
		{123D82E4-F6C7-49EB-A35B-14BE2AC05397}.Release|x86.Build.0 = Release|Win32
		{B7781D52-2324-44E8-94BF-5CB50665602C}.Debug|Any CPU.ActiveCfg = Debug|Win32
		{B7781D52-2324-44E8-94BF-5CB50665602C}.Debug|x64.ActiveCfg = Debug|x64
		{B7781D52-2324-44E8-94BF-5CB50665602C}.Debug|x64.Build.0 = Debug|x64
		{B7781D52-2324-44E8-94BF-5CB50665602C}.Debug|x86.ActiveCfg = Debug|Win32
		{B7781D52-2324-44E8-94BF-5CB50665602C}.Debug|x86.Build.0 = Debug|Win32
		{B7781D52-2324-44E8-94BF-5CB50665602C}.Release|Any CPU.ActiveCfg = Release|Win32
		{B7781D52-2324-44E8-94BF-5CB50665602C}.Release|x64.ActiveCfg = Release|x64
		{B7781D52-2324-44E8-94BF-5CB50665602C}.Release|x64.Build.0 = Release|x64
		{B7781D52-2324-44E8-94BF-5CB50665602C}.Release|x86.ActiveCfg = Release|Win32
		{B7781D52-2324-44E8-94BF-5CB50665602C}.Release|x86.Build.0 = Release|Win32
		{81A8703B-9E56-45E0-9C8C-553F35A7A6BC}.Debug|Any CPU.ActiveCfg = Debug|Win32
		{81A8703B-9E56-45E0-9C8C-553F35A7A6BC}.Debug|x64.ActiveCfg = Debug|x64
		{81A8703B-9E56-45E0-9C8C-553F35A7A6BC}.Debug|x64.Build.0 = Debug|x64
		{81A8703B-9E56-45E0-9C8C-553F35A7A6BC}.Debug|x86.ActiveCfg = Debug|Win32
		{81A8703B-9E56-45E0-9C8C-553F35A7A6BC}.Debug|x86.Build.0 = Debug|Win32
		{81A8703B-9E56-45E0-9C8C-553F35A7A6BC}.Release|Any CPU.ActiveCfg = Release|Win32
		{81A8703B-9E56-45E0-9C8C-553F35A7A6BC}.Release|x64.ActiveCfg = Release|x64
		{81A8703B-9E56-45E0-9C8C-553F35A7A6BC}.Release|x64.Build.0 = Release|x64
		{81A8703B-9E56-45E0-9C8C-553F35A7A6BC}.Release|x86.ActiveCfg = Release|Win32
		{81A8703B-9E56-45E0-9C8C-553F35A7A6BC}.Release|x86.Build.0 = Release|Win32
		{9A00CF3D-3442-4ECD-8756-6011D9C77AC3}.Debug|Any CPU.ActiveCfg = Debug|Win32
		{9A00CF3D-3442-4ECD-8756-6011D9C77AC3}.Debug|x64.ActiveCfg = Debug|x64
		{9A00CF3D-3442-4ECD-8756-6011D9C77AC3}.Debug|x64.Build.0 = Debug|x64
		{9A00CF3D-3442-4ECD-8756-6011D9C77AC3}.Debug|x86.ActiveCfg = Debug|Win32
		{9A00CF3D-3442-4ECD-8756-6011D9C77AC3}.Debug|x86.Build.0 = Debug|Win32
		{9A00CF3D-3442-4ECD-8756-6011D9C77AC3}.Release|Any CPU.ActiveCfg = Release|Win32
		{9A00CF3D-3442-4ECD-8756-6011D9C77AC3}.Release|x64.ActiveCfg = Release|x64
		{9A00CF3D-3442-4ECD-8756-6011D9C77AC3}.Release|x64.Build.0 = Release|x64
		{9A00CF3D-3442-4ECD-8756-6011D9C77AC3}.Release|x86.ActiveCfg = Release|Win32
		{9A00CF3D-3442-4ECD-8756-6011D9C77AC3}.Release|x86.Build.0 = Release|Win32
		{6628E588-51F4-4623-8B35-1AF4F822A436}.Debug|Any CPU.ActiveCfg = Debug|Win32
		{6628E588-51F4-4623-8B35-1AF4F822A436}.Debug|x64.ActiveCfg = Debug|x64
		{6628E588-51F4-4623-8B35-1AF4F822A436}.Debug|x64.Build.0 = Debug|x64
		{6628E588-51F4-4623-8B35-1AF4F822A436}.Debug|x86.ActiveCfg = Debug|Win32
		{6628E588-51F4-4623-8B35-1AF4F822A436}.Debug|x86.Build.0 = Debug|Win32
		{6628E588-51F4-4623-8B35-1AF4F822A436}.Release|Any CPU.ActiveCfg = Release|Win32
		{6628E588-51F4-4623-8B35-1AF4F822A436}.Release|x64.ActiveCfg = Release|x64
		{6628E588-51F4-4623-8B35-1AF4F822A436}.Release|x64.Build.0 = Release|x64
		{6628E588-51F4-4623-8B35-1AF4F822A436}.Release|x86.ActiveCfg = Release|Win32
		{6628E588-51F4-4623-8B35-1AF4F822A436}.Release|x86.Build.0 = Release|Win32
		{B3A741B1-2D85-407F-8952-76553111595D}.Debug|Any CPU.ActiveCfg = Debug|Win32
		{B3A741B1-2D85-407F-8952-76553111595D}.Debug|x64.ActiveCfg = Debug|x64
		{B3A741B1-2D85-407F-8952-76553111595D}.Debug|x64.Build.0 = Debug|x64
		{B3A741B1-2D85-407F-8952-76553111595D}.Debug|x86.ActiveCfg = Debug|Win32
		{B3A741B1-2D85-407F-8952-76553111595D}.Debug|x86.Build.0 = Debug|Win32
		{B3A741B1-2D85-407F-8952-76553111595D}.Release|Any CPU.ActiveCfg = Release|Win32
		{B3A741B1-2D85-407F-8952-76553111595D}.Release|x64.ActiveCfg = Release|x64
		{B3A741B1-2D85-407F-8952-76553111595D}.Release|x64.Build.0 = Release|x64
		{B3A741B1-2D85-407F-8952-76553111595D}.Release|x86.ActiveCfg = Release|Win32
		{B3A741B1-2D85-407F-8952-76553111595D}.Release|x86.Build.0 = Release|Win32
		{B4D190AD-B15C-4FDE-A903-36E1BA3DEE59}.Debug|Any CPU.ActiveCfg = Debug|Win32
		{B4D190AD-B15C-4FDE-A903-36E1BA3DEE59}.Debug|x64.ActiveCfg = Debug|x64
		{B4D190AD-B15C-4FDE-A903-36E1BA3DEE59}.Debug|x64.Build.0 = Debug|x64
		{B4D190AD-B15C-4FDE-A903-36E1BA3DEE59}.Debug|x86.ActiveCfg = Debug|Win32
		{B4D190AD-B15C-4FDE-A903-36E1BA3DEE59}.Debug|x86.Build.0 = Debug|Win32
		{B4D190AD-B15C-4FDE-A903-36E1BA3DEE59}.Release|Any CPU.ActiveCfg = Release|Win32
		{B4D190AD-B15C-4FDE-A903-36E1BA3DEE59}.Release|x64.ActiveCfg = Release|x64
		{B4D190AD-B15C-4FDE-A903-36E1BA3DEE59}.Release|x64.Build.0 = Release|x64
		{B4D190AD-B15C-4FDE-A903-36E1BA3DEE59}.Release|x86.ActiveCfg = Release|Win32
		{B4D190AD-B15C-4FDE-A903-36E1BA3DEE59}.Release|x86.Build.0 = Release|Win32
		{03210D74-58AE-488E-98D5-7851DECA448A}.Debug|Any CPU.ActiveCfg = Debug|Any CPU
		{03210D74-58AE-488E-98D5-7851DECA448A}.Debug|Any CPU.Build.0 = Debug|Any CPU
		{03210D74-58AE-488E-98D5-7851DECA448A}.Debug|x64.ActiveCfg = Debug|Any CPU
		{03210D74-58AE-488E-98D5-7851DECA448A}.Debug|x64.Build.0 = Debug|Any CPU
		{03210D74-58AE-488E-98D5-7851DECA448A}.Debug|x86.ActiveCfg = Debug|Any CPU
		{03210D74-58AE-488E-98D5-7851DECA448A}.Debug|x86.Build.0 = Debug|Any CPU
		{03210D74-58AE-488E-98D5-7851DECA448A}.Release|Any CPU.ActiveCfg = Release|Any CPU
		{03210D74-58AE-488E-98D5-7851DECA448A}.Release|Any CPU.Build.0 = Release|Any CPU
		{03210D74-58AE-488E-98D5-7851DECA448A}.Release|x64.ActiveCfg = Release|Any CPU
		{03210D74-58AE-488E-98D5-7851DECA448A}.Release|x64.Build.0 = Release|Any CPU
		{03210D74-58AE-488E-98D5-7851DECA448A}.Release|x86.ActiveCfg = Release|Any CPU
		{03210D74-58AE-488E-98D5-7851DECA448A}.Release|x86.Build.0 = Release|Any CPU
	EndGlobalSection
	GlobalSection(SolutionProperties) = preSolution
		HideSolutionNode = FALSE
	EndGlobalSection
	GlobalSection(ExtensibilityGlobals) = postSolution
		SolutionGuid = {E6182AD6-EE63-48BD-894C-E8533DEFD0A3}
	EndGlobalSection
EndGlobal
