
Microsoft Visual Studio Solution File, Format Version 12.00
# Visual Studio Version 17
VisualStudioVersion = 17.4.33122.133
MinimumVisualStudioVersion = 10.0.40219.1
Project("{888888A0-9F3D-457C-B088-3A5042F75D52}") = "TransformerTranslator", "TransformerTranslator\TransformerTranslator.pyproj", "{27D48474-C643-49D3-8074-4ED75AFB5C81}"
EndProject
Project("{FAE04EC0-301F-11D3-BF4B-00C04F79EFBC}") = "MyCaffeConnector", "MyCaffeConnector\MyCaffeConnector.csproj", "{214B7A52-0880-4332-A12C-0798B0B86EF7}"
EndProject
Global
	GlobalSection(SolutionConfigurationPlatforms) = preSolution
		Debug|Any CPU = Debug|Any CPU
		Release|Any CPU = Release|Any CPU
	EndGlobalSection
	GlobalSection(ProjectConfigurationPlatforms) = postSolution
		{27D48474-C643-49D3-8074-4ED75AFB5C81}.Debug|Any CPU.ActiveCfg = Debug|Any CPU
		{27D48474-C643-49D3-8074-4ED75AFB5C81}.Release|Any CPU.ActiveCfg = Release|Any CPU
		{214B7A52-0880-4332-A12C-0798B0B86EF7}.Debug|Any CPU.ActiveCfg = Debug|Any CPU
		{214B7A52-0880-4332-A12C-0798B0B86EF7}.Debug|Any CPU.Build.0 = Debug|Any CPU
		{214B7A52-0880-4332-A12C-0798B0B86EF7}.Release|Any CPU.ActiveCfg = Release|Any CPU
		{214B7A52-0880-4332-A12C-0798B0B86EF7}.Release|Any CPU.Build.0 = Release|Any CPU
	EndGlobalSection
	GlobalSection(SolutionProperties) = preSolution
		HideSolutionNode = FALSE
	EndGlobalSection
	GlobalSection(ExtensibilityGlobals) = postSolution
		SolutionGuid = {95644395-3EF3-4A6F-8817-4DB8F81CF32F}
	EndGlobalSection
EndGlobal
